// !$*UTF8*$!
{
	archiveVersion = 1;
	classes = {
	};
	objectVersion = 46;
	objects = {

/* Begin PBXBuildFile section */
		482A24ED1B09D4BF00CE5BDC /* PushAnalyticsTests.swift in Sources */ = {isa = PBXBuildFile; fileRef = 482A24EB1B09D45000CE5BDC /* PushAnalyticsTests.swift */; };
		48AAA6E81C450DA90048C53A /* pushproperties.plist in Resources */ = {isa = PBXBuildFile; fileRef = 48AAA6E71C450DA90048C53A /* pushproperties.plist */; };
		48EDFAE61B00E8D300F8D11F /* PushAnalytics.swift in Sources */ = {isa = PBXBuildFile; fileRef = 48EDFAE51B00E8D300F8D11F /* PushAnalytics.swift */; };
		6F46417219654E4A00D2B1C9 /* DeviceRegistration.swift in Sources */ = {isa = PBXBuildFile; fileRef = 6F46417119654E4A00D2B1C9 /* DeviceRegistration.swift */; };
		6F464174196564A500D2B1C9 /* ClientDeviceInformation.swift in Sources */ = {isa = PBXBuildFile; fileRef = 6F464173196564A500D2B1C9 /* ClientDeviceInformation.swift */; };
		6F4641771965660300D2B1C9 /* ClientDeviceInformationImpl.swift in Sources */ = {isa = PBXBuildFile; fileRef = 6F4641761965660300D2B1C9 /* ClientDeviceInformationImpl.swift */; };
		6F46D37B19A3A726001799DB /* AeroGearPush.framework in Frameworks */ = {isa = PBXBuildFile; fileRef = 6F71353119646266009B26D8 /* AeroGearPush.framework */; };
		6F4970DE1A1688DF00A1B50F /* AeroGearPush.framework in Copy Frameworks */ = {isa = PBXBuildFile; fileRef = 6F71353119646266009B26D8 /* AeroGearPush.framework */; settings = {ATTRIBUTES = (CodeSignOnCopy, RemoveHeadersOnCopy, ); }; };
		6F71353719646266009B26D8 /* push-sdk-swift.h in Headers */ = {isa = PBXBuildFile; fileRef = 6F71353619646266009B26D8 /* push-sdk-swift.h */; settings = {ATTRIBUTES = (Public, ); }; };
		6F71354419646266009B26D8 /* DeviceRegistrationTests.swift in Sources */ = {isa = PBXBuildFile; fileRef = 6F71354319646266009B26D8 /* DeviceRegistrationTests.swift */; };
		73CEA13936CF078A44122338 /* Pods_AeroGearPushTests.framework in Frameworks */ = {isa = PBXBuildFile; fileRef = 07B7A95683BA849A36EB18D1 /* Pods_AeroGearPushTests.framework */; };
/* End PBXBuildFile section */

/* Begin PBXContainerItemProxy section */
		6F71353E19646266009B26D8 /* PBXContainerItemProxy */ = {
			isa = PBXContainerItemProxy;
			containerPortal = 6F71352819646266009B26D8 /* Project object */;
			proxyType = 1;
			remoteGlobalIDString = 6F71353019646266009B26D8;
			remoteInfo = "push-sdk-swift";
		};
		6FC98785196603F100816D86 /* PBXContainerItemProxy */ = {
			isa = PBXContainerItemProxy;
			containerPortal = 6F71352819646266009B26D8 /* Project object */;
			proxyType = 1;
			remoteGlobalIDString = 6F71353019646266009B26D8;
			remoteInfo = "push-sdk-swift";
		};
		6FC98787196603F100816D86 /* PBXContainerItemProxy */ = {
			isa = PBXContainerItemProxy;
			containerPortal = 6F71352819646266009B26D8 /* Project object */;
			proxyType = 1;
			remoteGlobalIDString = 6F71353019646266009B26D8;
			remoteInfo = "push-sdk-swift";
		};
/* End PBXContainerItemProxy section */

/* Begin PBXCopyFilesBuildPhase section */
		6F4970DA1A1688CB00A1B50F /* Copy Frameworks */ = {
			isa = PBXCopyFilesBuildPhase;
			buildActionMask = 2147483647;
			dstPath = "";
			dstSubfolderSpec = 10;
			files = (
				6F4970DE1A1688DF00A1B50F /* AeroGearPush.framework in Copy Frameworks */,
			);
			name = "Copy Frameworks";
			runOnlyForDeploymentPostprocessing = 0;
		};
/* End PBXCopyFilesBuildPhase section */

/* Begin PBXFileReference section */
		07B7A95683BA849A36EB18D1 /* Pods_AeroGearPushTests.framework */ = {isa = PBXFileReference; explicitFileType = wrapper.framework; includeInIndex = 0; path = Pods_AeroGearPushTests.framework; sourceTree = BUILT_PRODUCTS_DIR; };
		482A24EB1B09D45000CE5BDC /* PushAnalyticsTests.swift */ = {isa = PBXFileReference; fileEncoding = 4; lastKnownFileType = sourcecode.swift; path = PushAnalyticsTests.swift; sourceTree = "<group>"; };
		48AAA6E71C450DA90048C53A /* pushproperties.plist */ = {isa = PBXFileReference; fileEncoding = 4; lastKnownFileType = text.plist.xml; path = pushproperties.plist; sourceTree = "<group>"; };
		48EDFAE51B00E8D300F8D11F /* PushAnalytics.swift */ = {isa = PBXFileReference; fileEncoding = 4; lastKnownFileType = sourcecode.swift; path = PushAnalytics.swift; sourceTree = "<group>"; };
		6F46417119654E4A00D2B1C9 /* DeviceRegistration.swift */ = {isa = PBXFileReference; fileEncoding = 4; lastKnownFileType = sourcecode.swift; path = DeviceRegistration.swift; sourceTree = "<group>"; };
		6F464173196564A500D2B1C9 /* ClientDeviceInformation.swift */ = {isa = PBXFileReference; fileEncoding = 4; lastKnownFileType = sourcecode.swift; path = ClientDeviceInformation.swift; sourceTree = "<group>"; };
		6F4641761965660300D2B1C9 /* ClientDeviceInformationImpl.swift */ = {isa = PBXFileReference; fileEncoding = 4; lastKnownFileType = sourcecode.swift; path = ClientDeviceInformationImpl.swift; sourceTree = "<group>"; };
		6F71353119646266009B26D8 /* AeroGearPush.framework */ = {isa = PBXFileReference; explicitFileType = wrapper.framework; includeInIndex = 0; path = AeroGearPush.framework; sourceTree = BUILT_PRODUCTS_DIR; };
		6F71353519646266009B26D8 /* Info.plist */ = {isa = PBXFileReference; lastKnownFileType = text.plist.xml; path = Info.plist; sourceTree = "<group>"; };
		6F71353619646266009B26D8 /* push-sdk-swift.h */ = {isa = PBXFileReference; lastKnownFileType = sourcecode.c.h; path = "push-sdk-swift.h"; sourceTree = "<group>"; };
		6F71353C19646266009B26D8 /* AeroGearPushTests.xctest */ = {isa = PBXFileReference; explicitFileType = wrapper.cfbundle; includeInIndex = 0; path = AeroGearPushTests.xctest; sourceTree = BUILT_PRODUCTS_DIR; };
		6F71354219646266009B26D8 /* Info.plist */ = {isa = PBXFileReference; lastKnownFileType = text.plist.xml; path = Info.plist; sourceTree = "<group>"; };
		6F71354319646266009B26D8 /* DeviceRegistrationTests.swift */ = {isa = PBXFileReference; lastKnownFileType = sourcecode.swift; path = DeviceRegistrationTests.swift; sourceTree = "<group>"; };
		73014980E84A83FF95891771 /* Pods-AeroGearPushTests.debug.xcconfig */ = {isa = PBXFileReference; includeInIndex = 1; lastKnownFileType = text.xcconfig; name = "Pods-AeroGearPushTests.debug.xcconfig"; path = "Pods/Target Support Files/Pods-AeroGearPushTests/Pods-AeroGearPushTests.debug.xcconfig"; sourceTree = "<group>"; };
		DD75090F5144B589E67057F9 /* Pods-AeroGearPushTests.release.xcconfig */ = {isa = PBXFileReference; includeInIndex = 1; lastKnownFileType = text.xcconfig; name = "Pods-AeroGearPushTests.release.xcconfig"; path = "Pods/Target Support Files/Pods-AeroGearPushTests/Pods-AeroGearPushTests.release.xcconfig"; sourceTree = "<group>"; };
/* End PBXFileReference section */

/* Begin PBXFrameworksBuildPhase section */
		6F71352D19646266009B26D8 /* Frameworks */ = {
			isa = PBXFrameworksBuildPhase;
			buildActionMask = 2147483647;
			files = (
			);
			runOnlyForDeploymentPostprocessing = 0;
		};
		6F71353919646266009B26D8 /* Frameworks */ = {
			isa = PBXFrameworksBuildPhase;
			buildActionMask = 2147483647;
			files = (
				6F46D37B19A3A726001799DB /* AeroGearPush.framework in Frameworks */,
				73CEA13936CF078A44122338 /* Pods_AeroGearPushTests.framework in Frameworks */,
			);
			runOnlyForDeploymentPostprocessing = 0;
		};
/* End PBXFrameworksBuildPhase section */

/* Begin PBXGroup section */
		1F03B68B79EFB3C6085A5F9F /* Frameworks */ = {
			isa = PBXGroup;
			children = (
				07B7A95683BA849A36EB18D1 /* Pods_AeroGearPushTests.framework */,
			);
			name = Frameworks;
			sourceTree = "<group>";
		};
		64309DB4D87AE0DB5F84F4D3 /* Pods */ = {
			isa = PBXGroup;
			children = (
				73014980E84A83FF95891771 /* Pods-AeroGearPushTests.debug.xcconfig */,
				DD75090F5144B589E67057F9 /* Pods-AeroGearPushTests.release.xcconfig */,
			);
			name = Pods;
			sourceTree = "<group>";
		};
		6F464175196565EE00D2B1C9 /* Internal */ = {
			isa = PBXGroup;
			children = (
				6F4641761965660300D2B1C9 /* ClientDeviceInformationImpl.swift */,
			);
			name = Internal;
			sourceTree = "<group>";
		};
		6F71352719646266009B26D8 = {
			isa = PBXGroup;
			children = (
				6F71353319646266009B26D8 /* push-sdk-swift */,
				6F71354019646266009B26D8 /* push-sdk-swiftTests */,
				6F71353219646266009B26D8 /* Products */,
				64309DB4D87AE0DB5F84F4D3 /* Pods */,
				1F03B68B79EFB3C6085A5F9F /* Frameworks */,
			);
			sourceTree = "<group>";
		};
		6F71353219646266009B26D8 /* Products */ = {
			isa = PBXGroup;
			children = (
				6F71353119646266009B26D8 /* AeroGearPush.framework */,
				6F71353C19646266009B26D8 /* AeroGearPushTests.xctest */,
			);
			name = Products;
			sourceTree = "<group>";
		};
		6F71353319646266009B26D8 /* push-sdk-swift */ = {
			isa = PBXGroup;
			children = (
				6F71353619646266009B26D8 /* push-sdk-swift.h */,
				6F464175196565EE00D2B1C9 /* Internal */,
				6F46417119654E4A00D2B1C9 /* DeviceRegistration.swift */,
				6F464173196564A500D2B1C9 /* ClientDeviceInformation.swift */,
				48EDFAE51B00E8D300F8D11F /* PushAnalytics.swift */,
				6F71353419646266009B26D8 /* Supporting Files */,
			);
			path = "push-sdk-swift";
			sourceTree = "<group>";
		};
		6F71353419646266009B26D8 /* Supporting Files */ = {
			isa = PBXGroup;
			children = (
				6F71353519646266009B26D8 /* Info.plist */,
			);
			name = "Supporting Files";
			sourceTree = "<group>";
		};
		6F71354019646266009B26D8 /* push-sdk-swiftTests */ = {
			isa = PBXGroup;
			children = (
				6F71354319646266009B26D8 /* DeviceRegistrationTests.swift */,
				482A24EB1B09D45000CE5BDC /* PushAnalyticsTests.swift */,
				6F71354119646266009B26D8 /* Supporting Files */,
			);
			path = "push-sdk-swiftTests";
			sourceTree = "<group>";
		};
		6F71354119646266009B26D8 /* Supporting Files */ = {
			isa = PBXGroup;
			children = (
				6F71354219646266009B26D8 /* Info.plist */,
				48AAA6E71C450DA90048C53A /* pushproperties.plist */,
			);
			name = "Supporting Files";
			sourceTree = "<group>";
		};
/* End PBXGroup section */

/* Begin PBXHeadersBuildPhase section */
		6F71352E19646266009B26D8 /* Headers */ = {
			isa = PBXHeadersBuildPhase;
			buildActionMask = 2147483647;
			files = (
				6F71353719646266009B26D8 /* push-sdk-swift.h in Headers */,
			);
			runOnlyForDeploymentPostprocessing = 0;
		};
/* End PBXHeadersBuildPhase section */

/* Begin PBXNativeTarget section */
		6F71353019646266009B26D8 /* AeroGearPush */ = {
			isa = PBXNativeTarget;
			buildConfigurationList = 6F71354719646266009B26D8 /* Build configuration list for PBXNativeTarget "AeroGearPush" */;
			buildPhases = (
				6F71352C19646266009B26D8 /* Sources */,
				6F71352D19646266009B26D8 /* Frameworks */,
				6F71352E19646266009B26D8 /* Headers */,
				6F71352F19646266009B26D8 /* Resources */,
			);
			buildRules = (
			);
			dependencies = (
			);
			name = AeroGearPush;
			productName = "push-sdk-swift";
			productReference = 6F71353119646266009B26D8 /* AeroGearPush.framework */;
			productType = "com.apple.product-type.framework";
		};
		6F71353B19646266009B26D8 /* AeroGearPushTests */ = {
			isa = PBXNativeTarget;
			buildConfigurationList = 6F71354A19646266009B26D8 /* Build configuration list for PBXNativeTarget "AeroGearPushTests" */;
			buildPhases = (
				A9B65220B2467B246C123DAE /* [CP] Check Pods Manifest.lock */,
				6F71353819646266009B26D8 /* Sources */,
				6F71353919646266009B26D8 /* Frameworks */,
				6F71353A19646266009B26D8 /* Resources */,
				6F4970DA1A1688CB00A1B50F /* Copy Frameworks */,
				FF1720D965DDAD3D5F7ECE4E /* [CP] Embed Pods Frameworks */,
				E3E6B8FECC8395EBE15EDA80 /* [CP] Copy Pods Resources */,
			);
			buildRules = (
			);
			dependencies = (
				6F71353F19646266009B26D8 /* PBXTargetDependency */,
				6FC98786196603F100816D86 /* PBXTargetDependency */,
				6FC98788196603F100816D86 /* PBXTargetDependency */,
			);
			name = AeroGearPushTests;
			productName = "push-sdk-swiftTests";
			productReference = 6F71353C19646266009B26D8 /* AeroGearPushTests.xctest */;
			productType = "com.apple.product-type.bundle.unit-test";
		};
/* End PBXNativeTarget section */

/* Begin PBXProject section */
		6F71352819646266009B26D8 /* Project object */ = {
			isa = PBXProject;
			attributes = {
				LastSwiftMigration = 0700;
				LastSwiftUpdateCheck = 0700;
				LastUpgradeCheck = 0800;
				ORGANIZATIONNAME = AeroGear;
				TargetAttributes = {
					6F71353019646266009B26D8 = {
						CreatedOnToolsVersion = 6.0;
						LastSwiftMigration = 0800;
					};
					6F71353B19646266009B26D8 = {
						CreatedOnToolsVersion = 6.0;
						LastSwiftMigration = 0800;
						TestTargetID = 6F71353019646266009B26D8;
					};
				};
			};
			buildConfigurationList = 6F71352B19646266009B26D8 /* Build configuration list for PBXProject "AeroGearPush" */;
			compatibilityVersion = "Xcode 3.2";
			developmentRegion = English;
			hasScannedForEncodings = 0;
			knownRegions = (
				en,
			);
			mainGroup = 6F71352719646266009B26D8;
			productRefGroup = 6F71353219646266009B26D8 /* Products */;
			projectDirPath = "";
			projectRoot = "";
			targets = (
				6F71353019646266009B26D8 /* AeroGearPush */,
				6F71353B19646266009B26D8 /* AeroGearPushTests */,
			);
		};
/* End PBXProject section */

/* Begin PBXResourcesBuildPhase section */
		6F71352F19646266009B26D8 /* Resources */ = {
			isa = PBXResourcesBuildPhase;
			buildActionMask = 2147483647;
			files = (
				48AAA6E81C450DA90048C53A /* pushproperties.plist in Resources */,
			);
			runOnlyForDeploymentPostprocessing = 0;
		};
		6F71353A19646266009B26D8 /* Resources */ = {
			isa = PBXResourcesBuildPhase;
			buildActionMask = 2147483647;
			files = (
			);
			runOnlyForDeploymentPostprocessing = 0;
		};
/* End PBXResourcesBuildPhase section */

/* Begin PBXShellScriptBuildPhase section */
		A9B65220B2467B246C123DAE /* [CP] Check Pods Manifest.lock */ = {
			isa = PBXShellScriptBuildPhase;
			buildActionMask = 2147483647;
			files = (
			);
			inputPaths = (
				"${PODS_PODFILE_DIR_PATH}/Podfile.lock",
				"${PODS_ROOT}/Manifest.lock",
			);
			name = "[CP] Check Pods Manifest.lock";
			outputPaths = (
				"$(DERIVED_FILE_DIR)/Pods-AeroGearPushTests-checkManifestLockResult.txt",
			);
			runOnlyForDeploymentPostprocessing = 0;
			shellPath = /bin/sh;
			shellScript = "diff \"${PODS_PODFILE_DIR_PATH}/Podfile.lock\" \"${PODS_ROOT}/Manifest.lock\" > /dev/null\nif [ $? != 0 ] ; then\n    # print error to STDERR\n    echo \"error: The sandbox is not in sync with the Podfile.lock. Run 'pod install' or update your CocoaPods installation.\" >&2\n    exit 1\nfi\n# This output is used by Xcode 'outputs' to avoid re-running this script phase.\necho \"SUCCESS\" > \"${SCRIPT_OUTPUT_FILE_0}\"\n";
			showEnvVarsInLog = 0;
		};
		E3E6B8FECC8395EBE15EDA80 /* [CP] Copy Pods Resources */ = {
			isa = PBXShellScriptBuildPhase;
			buildActionMask = 2147483647;
			files = (
			);
			inputPaths = (
			);
			name = "[CP] Copy Pods Resources";
			outputPaths = (
			);
			runOnlyForDeploymentPostprocessing = 0;
			shellPath = /bin/sh;
			shellScript = "\"${SRCROOT}/Pods/Target Support Files/Pods-AeroGearPushTests/Pods-AeroGearPushTests-resources.sh\"\n";
			showEnvVarsInLog = 0;
		};
		FF1720D965DDAD3D5F7ECE4E /* [CP] Embed Pods Frameworks */ = {
			isa = PBXShellScriptBuildPhase;
			buildActionMask = 2147483647;
			files = (
			);
			inputPaths = (
				"${SRCROOT}/Pods/Target Support Files/Pods-AeroGearPushTests/Pods-AeroGearPushTests-frameworks.sh",
				"${BUILT_PRODUCTS_DIR}/OHHTTPStubs/OHHTTPStubs.framework",
			);
			name = "[CP] Embed Pods Frameworks";
			outputPaths = (
				"${TARGET_BUILD_DIR}/${FRAMEWORKS_FOLDER_PATH}/OHHTTPStubs.framework",
			);
			runOnlyForDeploymentPostprocessing = 0;
			shellPath = /bin/sh;
			shellScript = "\"${SRCROOT}/Pods/Target Support Files/Pods-AeroGearPushTests/Pods-AeroGearPushTests-frameworks.sh\"\n";
			showEnvVarsInLog = 0;
		};
/* End PBXShellScriptBuildPhase section */

/* Begin PBXSourcesBuildPhase section */
		6F71352C19646266009B26D8 /* Sources */ = {
			isa = PBXSourcesBuildPhase;
			buildActionMask = 2147483647;
			files = (
				48EDFAE61B00E8D300F8D11F /* PushAnalytics.swift in Sources */,
				6F4641771965660300D2B1C9 /* ClientDeviceInformationImpl.swift in Sources */,
				6F46417219654E4A00D2B1C9 /* DeviceRegistration.swift in Sources */,
				6F464174196564A500D2B1C9 /* ClientDeviceInformation.swift in Sources */,
			);
			runOnlyForDeploymentPostprocessing = 0;
		};
		6F71353819646266009B26D8 /* Sources */ = {
			isa = PBXSourcesBuildPhase;
			buildActionMask = 2147483647;
			files = (
				482A24ED1B09D4BF00CE5BDC /* PushAnalyticsTests.swift in Sources */,
				6F71354419646266009B26D8 /* DeviceRegistrationTests.swift in Sources */,
			);
			runOnlyForDeploymentPostprocessing = 0;
		};
/* End PBXSourcesBuildPhase section */

/* Begin PBXTargetDependency section */
		6F71353F19646266009B26D8 /* PBXTargetDependency */ = {
			isa = PBXTargetDependency;
			target = 6F71353019646266009B26D8 /* AeroGearPush */;
			targetProxy = 6F71353E19646266009B26D8 /* PBXContainerItemProxy */;
		};
		6FC98786196603F100816D86 /* PBXTargetDependency */ = {
			isa = PBXTargetDependency;
			target = 6F71353019646266009B26D8 /* AeroGearPush */;
			targetProxy = 6FC98785196603F100816D86 /* PBXContainerItemProxy */;
		};
		6FC98788196603F100816D86 /* PBXTargetDependency */ = {
			isa = PBXTargetDependency;
			target = 6F71353019646266009B26D8 /* AeroGearPush */;
			targetProxy = 6FC98787196603F100816D86 /* PBXContainerItemProxy */;
		};
/* End PBXTargetDependency section */

/* Begin XCBuildConfiguration section */
		6F71354519646266009B26D8 /* Debug */ = {
			isa = XCBuildConfiguration;
			buildSettings = {
				ALWAYS_SEARCH_USER_PATHS = NO;
				CLANG_CXX_LANGUAGE_STANDARD = "gnu++0x";
				CLANG_CXX_LIBRARY = "libc++";
				CLANG_ENABLE_MODULES = YES;
				CLANG_ENABLE_OBJC_ARC = YES;
				CLANG_WARN_BOOL_CONVERSION = YES;
				CLANG_WARN_CONSTANT_CONVERSION = YES;
				CLANG_WARN_DIRECT_OBJC_ISA_USAGE = YES_ERROR;
				CLANG_WARN_EMPTY_BODY = YES;
				CLANG_WARN_ENUM_CONVERSION = YES;
				CLANG_WARN_INFINITE_RECURSION = YES;
				CLANG_WARN_INT_CONVERSION = YES;
				CLANG_WARN_OBJC_ROOT_CLASS = YES_ERROR;
				CLANG_WARN_SUSPICIOUS_MOVE = YES;
				CLANG_WARN_UNREACHABLE_CODE = YES;
				CLANG_WARN__DUPLICATE_METHOD_MATCH = YES;
				"CODE_SIGN_IDENTITY[sdk=iphoneos*]" = "iPhone Developer";
				COPY_PHASE_STRIP = NO;
				CURRENT_PROJECT_VERSION = 1;
				ENABLE_STRICT_OBJC_MSGSEND = YES;
				ENABLE_TESTABILITY = YES;
				GCC_C_LANGUAGE_STANDARD = gnu99;
				GCC_DYNAMIC_NO_PIC = NO;
				GCC_NO_COMMON_BLOCKS = YES;
				GCC_OPTIMIZATION_LEVEL = 0;
				GCC_PREPROCESSOR_DEFINITIONS = (
					"DEBUG=1",
					"$(inherited)",
				);
				GCC_SYMBOLS_PRIVATE_EXTERN = NO;
				GCC_WARN_64_TO_32_BIT_CONVERSION = YES;
				GCC_WARN_ABOUT_RETURN_TYPE = YES_ERROR;
				GCC_WARN_UNDECLARED_SELECTOR = YES;
				GCC_WARN_UNINITIALIZED_AUTOS = YES_AGGRESSIVE;
				GCC_WARN_UNUSED_FUNCTION = YES;
				GCC_WARN_UNUSED_VARIABLE = YES;
				IPHONEOS_DEPLOYMENT_TARGET = 9.0;
				METAL_ENABLE_DEBUG_INFO = YES;
				ONLY_ACTIVE_ARCH = YES;
				SDKROOT = iphoneos;
				SWIFT_OPTIMIZATION_LEVEL = "-Onone";
				TARGETED_DEVICE_FAMILY = "1,2";
				VERSIONING_SYSTEM = "apple-generic";
				VERSION_INFO_PREFIX = "";
			};
			name = Debug;
		};
		6F71354619646266009B26D8 /* Release */ = {
			isa = XCBuildConfiguration;
			buildSettings = {
				ALWAYS_SEARCH_USER_PATHS = NO;
				CLANG_CXX_LANGUAGE_STANDARD = "gnu++0x";
				CLANG_CXX_LIBRARY = "libc++";
				CLANG_ENABLE_MODULES = YES;
				CLANG_ENABLE_OBJC_ARC = YES;
				CLANG_WARN_BOOL_CONVERSION = YES;
				CLANG_WARN_CONSTANT_CONVERSION = YES;
				CLANG_WARN_DIRECT_OBJC_ISA_USAGE = YES_ERROR;
				CLANG_WARN_EMPTY_BODY = YES;
				CLANG_WARN_ENUM_CONVERSION = YES;
				CLANG_WARN_INFINITE_RECURSION = YES;
				CLANG_WARN_INT_CONVERSION = YES;
				CLANG_WARN_OBJC_ROOT_CLASS = YES_ERROR;
				CLANG_WARN_SUSPICIOUS_MOVE = YES;
				CLANG_WARN_UNREACHABLE_CODE = YES;
				CLANG_WARN__DUPLICATE_METHOD_MATCH = YES;
				"CODE_SIGN_IDENTITY[sdk=iphoneos*]" = "iPhone Developer";
				COPY_PHASE_STRIP = YES;
				CURRENT_PROJECT_VERSION = 1;
				ENABLE_NS_ASSERTIONS = NO;
				ENABLE_STRICT_OBJC_MSGSEND = YES;
				GCC_C_LANGUAGE_STANDARD = gnu99;
				GCC_NO_COMMON_BLOCKS = YES;
				GCC_WARN_64_TO_32_BIT_CONVERSION = YES;
				GCC_WARN_ABOUT_RETURN_TYPE = YES_ERROR;
				GCC_WARN_UNDECLARED_SELECTOR = YES;
				GCC_WARN_UNINITIALIZED_AUTOS = YES_AGGRESSIVE;
				GCC_WARN_UNUSED_FUNCTION = YES;
				GCC_WARN_UNUSED_VARIABLE = YES;
				IPHONEOS_DEPLOYMENT_TARGET = 9.0;
				METAL_ENABLE_DEBUG_INFO = NO;
				SDKROOT = iphoneos;
				SWIFT_OPTIMIZATION_LEVEL = "-Owholemodule";
				TARGETED_DEVICE_FAMILY = "1,2";
				VALIDATE_PRODUCT = YES;
				VERSIONING_SYSTEM = "apple-generic";
				VERSION_INFO_PREFIX = "";
			};
			name = Release;
		};
		6F71354819646266009B26D8 /* Debug */ = {
			isa = XCBuildConfiguration;
			buildSettings = {
				CLANG_ENABLE_MODULES = YES;
				"CODE_SIGN_IDENTITY[sdk=iphoneos*]" = "";
				DEFINES_MODULE = YES;
				DYLIB_COMPATIBILITY_VERSION = 1;
				DYLIB_CURRENT_VERSION = 1;
				DYLIB_INSTALL_NAME_BASE = "@rpath";
				INFOPLIST_FILE = "push-sdk-swift/Info.plist";
				INSTALL_PATH = "$(LOCAL_LIBRARY_DIR)/Frameworks";
				LD_RUNPATH_SEARCH_PATHS = "$(inherited) @executable_path/Frameworks @loader_path/Frameworks";
				PRODUCT_BUNDLE_IDENTIFIER = "org.aerogear.${PRODUCT_NAME:rfc1034identifier}";
				PRODUCT_NAME = AeroGearPush;
				SKIP_INSTALL = YES;
				SWIFT_OPTIMIZATION_LEVEL = "-Onone";
				SWIFT_VERSION = 3.0;
			};
			name = Debug;
		};
		6F71354919646266009B26D8 /* Release */ = {
			isa = XCBuildConfiguration;
			buildSettings = {
				CLANG_ENABLE_MODULES = YES;
				"CODE_SIGN_IDENTITY[sdk=iphoneos*]" = "";
				DEFINES_MODULE = YES;
				DYLIB_COMPATIBILITY_VERSION = 1;
				DYLIB_CURRENT_VERSION = 1;
				DYLIB_INSTALL_NAME_BASE = "@rpath";
				INFOPLIST_FILE = "push-sdk-swift/Info.plist";
				INSTALL_PATH = "$(LOCAL_LIBRARY_DIR)/Frameworks";
				LD_RUNPATH_SEARCH_PATHS = "$(inherited) @executable_path/Frameworks @loader_path/Frameworks";
				PRODUCT_BUNDLE_IDENTIFIER = "org.aerogear.${PRODUCT_NAME:rfc1034identifier}";
				PRODUCT_NAME = AeroGearPush;
				SKIP_INSTALL = YES;
				SWIFT_VERSION = 3.0;
			};
			name = Release;
		};
		6F71354B19646266009B26D8 /* Debug */ = {
			isa = XCBuildConfiguration;
			baseConfigurationReference = 73014980E84A83FF95891771 /* Pods-AeroGearPushTests.debug.xcconfig */;
			buildSettings = {
				FRAMEWORK_SEARCH_PATHS = "$(inherited)";
				GCC_PREPROCESSOR_DEFINITIONS = (
					"DEBUG=1",
					"$(inherited)",
				);
				INFOPLIST_FILE = "push-sdk-swiftTests/Info.plist";
				LD_RUNPATH_SEARCH_PATHS = "$(inherited) @executable_path/Frameworks @loader_path/Frameworks";
				METAL_ENABLE_DEBUG_INFO = YES;
				PRODUCT_BUNDLE_IDENTIFIER = "org.aerogear.${PRODUCT_NAME:rfc1034identifier}";
				PRODUCT_NAME = AeroGearPushTests;
				SWIFT_OBJC_BRIDGING_HEADER = "";
				SWIFT_VERSION = 3.0;
			};
			name = Debug;
		};
		6F71354C19646266009B26D8 /* Release */ = {
			isa = XCBuildConfiguration;
			baseConfigurationReference = DD75090F5144B589E67057F9 /* Pods-AeroGearPushTests.release.xcconfig */;
			buildSettings = {
				FRAMEWORK_SEARCH_PATHS = "$(inherited)";
				INFOPLIST_FILE = "push-sdk-swiftTests/Info.plist";
				LD_RUNPATH_SEARCH_PATHS = "$(inherited) @executable_path/Frameworks @loader_path/Frameworks";
				METAL_ENABLE_DEBUG_INFO = NO;
				PRODUCT_BUNDLE_IDENTIFIER = "org.aerogear.${PRODUCT_NAME:rfc1034identifier}";
				PRODUCT_NAME = AeroGearPushTests;
				SWIFT_OBJC_BRIDGING_HEADER = "";
				SWIFT_VERSION = 3.0;
			};
			name = Release;
		};
/* End XCBuildConfiguration section */

/* Begin XCConfigurationList section */
		6F71352B19646266009B26D8 /* Build configuration list for PBXProject "AeroGearPush" */ = {
			isa = XCConfigurationList;
			buildConfigurations = (
				6F71354519646266009B26D8 /* Debug */,
				6F71354619646266009B26D8 /* Release */,
			);
			defaultConfigurationIsVisible = 0;
			defaultConfigurationName = Release;
		};
		6F71354719646266009B26D8 /* Build configuration list for PBXNativeTarget "AeroGearPush" */ = {
			isa = XCConfigurationList;
			buildConfigurations = (
				6F71354819646266009B26D8 /* Debug */,
				6F71354919646266009B26D8 /* Release */,
			);
			defaultConfigurationIsVisible = 0;
			defaultConfigurationName = Release;
		};
		6F71354A19646266009B26D8 /* Build configuration list for PBXNativeTarget "AeroGearPushTests" */ = {
			isa = XCConfigurationList;
			buildConfigurations = (
				6F71354B19646266009B26D8 /* Debug */,
				6F71354C19646266009B26D8 /* Release */,
			);
			defaultConfigurationIsVisible = 0;
			defaultConfigurationName = Release;
		};
/* End XCConfigurationList section */
	};
	rootObject = 6F71352819646266009B26D8 /* Project object */;
}
