<<<<<<< HEAD
// !$*UTF8*$!
{
	archiveVersion = 1;
	classes = {
	};
	objectVersion = 46;
	objects = {

/* Begin PBXBuildFile section */
		48AC63691A6D350C00E2FB7A /* AeroGearHttpStub.framework in Frameworks */ = {isa = PBXBuildFile; fileRef = 48AC63661A6D348D00E2FB7A /* AeroGearHttpStub.framework */; };
		6F46417219654E4A00D2B1C9 /* AGDeviceRegistration.swift in Sources */ = {isa = PBXBuildFile; fileRef = 6F46417119654E4A00D2B1C9 /* AGDeviceRegistration.swift */; };
		6F464174196564A500D2B1C9 /* AGClientDeviceInformation.swift in Sources */ = {isa = PBXBuildFile; fileRef = 6F464173196564A500D2B1C9 /* AGClientDeviceInformation.swift */; };
		6F4641771965660300D2B1C9 /* AGClientDeviceInformationImpl.swift in Sources */ = {isa = PBXBuildFile; fileRef = 6F4641761965660300D2B1C9 /* AGClientDeviceInformationImpl.swift */; };
		6F46D37B19A3A726001799DB /* AeroGearPush.framework in Frameworks */ = {isa = PBXBuildFile; fileRef = 6F71353119646266009B26D8 /* AeroGearPush.framework */; };
		6F71353719646266009B26D8 /* push-sdk-swift.h in Headers */ = {isa = PBXBuildFile; fileRef = 6F71353619646266009B26D8 /* push-sdk-swift.h */; settings = {ATTRIBUTES = (Public, ); }; };
		6F71354419646266009B26D8 /* AGDeviceRegistrationTests.swift in Sources */ = {isa = PBXBuildFile; fileRef = 6F71354319646266009B26D8 /* AGDeviceRegistrationTests.swift */; };
		6F7448531A6D62BC003B3FC1 /* AeroGearPush.framework in Copy Frameworks */ = {isa = PBXBuildFile; fileRef = 6F71353119646266009B26D8 /* AeroGearPush.framework */; settings = {ATTRIBUTES = (CodeSignOnCopy, RemoveHeadersOnCopy, ); }; };
		6F7448541A6D62C0003B3FC1 /* AeroGearHttpStub.framework in Copy Frameworks */ = {isa = PBXBuildFile; fileRef = 48AC63661A6D348D00E2FB7A /* AeroGearHttpStub.framework */; settings = {ATTRIBUTES = (CodeSignOnCopy, RemoveHeadersOnCopy, ); }; };
/* End PBXBuildFile section */

/* Begin PBXContainerItemProxy section */
		48AC63651A6D348D00E2FB7A /* PBXContainerItemProxy */ = {
			isa = PBXContainerItemProxy;
			containerPortal = 48AC63601A6D348C00E2FB7A /* AeroGearHttpStub.xcodeproj */;
			proxyType = 2;
			remoteGlobalIDString = 48E2E00A1A5FD5DA00883A9E;
			remoteInfo = AeroGearHttpStub;
		};
		48AC63671A6D348D00E2FB7A /* PBXContainerItemProxy */ = {
			isa = PBXContainerItemProxy;
			containerPortal = 48AC63601A6D348C00E2FB7A /* AeroGearHttpStub.xcodeproj */;
			proxyType = 2;
			remoteGlobalIDString = 48E2E0151A5FD5DA00883A9E;
			remoteInfo = AeroGearHttpStubTests;
		};
		6F71353E19646266009B26D8 /* PBXContainerItemProxy */ = {
			isa = PBXContainerItemProxy;
			containerPortal = 6F71352819646266009B26D8 /* Project object */;
			proxyType = 1;
			remoteGlobalIDString = 6F71353019646266009B26D8;
			remoteInfo = "push-sdk-swift";
		};
		6FC98785196603F100816D86 /* PBXContainerItemProxy */ = {
			isa = PBXContainerItemProxy;
			containerPortal = 6F71352819646266009B26D8 /* Project object */;
			proxyType = 1;
			remoteGlobalIDString = 6F71353019646266009B26D8;
			remoteInfo = "push-sdk-swift";
		};
		6FC98787196603F100816D86 /* PBXContainerItemProxy */ = {
			isa = PBXContainerItemProxy;
			containerPortal = 6F71352819646266009B26D8 /* Project object */;
			proxyType = 1;
			remoteGlobalIDString = 6F71353019646266009B26D8;
			remoteInfo = "push-sdk-swift";
		};
/* End PBXContainerItemProxy section */

/* Begin PBXCopyFilesBuildPhase section */
		6F4970DA1A1688CB00A1B50F /* Copy Frameworks */ = {
			isa = PBXCopyFilesBuildPhase;
			buildActionMask = 2147483647;
			dstPath = "";
			dstSubfolderSpec = 10;
			files = (
				6F7448541A6D62C0003B3FC1 /* AeroGearHttpStub.framework in Copy Frameworks */,
				6F7448531A6D62BC003B3FC1 /* AeroGearPush.framework in Copy Frameworks */,
			);
			name = "Copy Frameworks";
			runOnlyForDeploymentPostprocessing = 0;
		};
/* End PBXCopyFilesBuildPhase section */

/* Begin PBXFileReference section */
		48AC63601A6D348C00E2FB7A /* AeroGearHttpStub.xcodeproj */ = {isa = PBXFileReference; lastKnownFileType = "wrapper.pb-project"; name = AeroGearHttpStub.xcodeproj; path = "aerogear-ios-httpstub/AeroGearHttpStub.xcodeproj"; sourceTree = "<group>"; };
		6F46417119654E4A00D2B1C9 /* AGDeviceRegistration.swift */ = {isa = PBXFileReference; fileEncoding = 4; lastKnownFileType = sourcecode.swift; path = AGDeviceRegistration.swift; sourceTree = "<group>"; };
		6F464173196564A500D2B1C9 /* AGClientDeviceInformation.swift */ = {isa = PBXFileReference; fileEncoding = 4; lastKnownFileType = sourcecode.swift; path = AGClientDeviceInformation.swift; sourceTree = "<group>"; };
		6F4641761965660300D2B1C9 /* AGClientDeviceInformationImpl.swift */ = {isa = PBXFileReference; fileEncoding = 4; lastKnownFileType = sourcecode.swift; path = AGClientDeviceInformationImpl.swift; sourceTree = "<group>"; };
		6F71353119646266009B26D8 /* AeroGearPush.framework */ = {isa = PBXFileReference; explicitFileType = wrapper.framework; includeInIndex = 0; path = AeroGearPush.framework; sourceTree = BUILT_PRODUCTS_DIR; };
		6F71353519646266009B26D8 /* Info.plist */ = {isa = PBXFileReference; lastKnownFileType = text.plist.xml; path = Info.plist; sourceTree = "<group>"; };
		6F71353619646266009B26D8 /* push-sdk-swift.h */ = {isa = PBXFileReference; lastKnownFileType = sourcecode.c.h; name = "push-sdk-swift.h"; path = "push-sdk-swift/push-sdk-swift.h"; sourceTree = "<group>"; };
		6F71353C19646266009B26D8 /* AeroGearPushTests.xctest */ = {isa = PBXFileReference; explicitFileType = wrapper.cfbundle; includeInIndex = 0; path = AeroGearPushTests.xctest; sourceTree = BUILT_PRODUCTS_DIR; };
		6F71354219646266009B26D8 /* Info.plist */ = {isa = PBXFileReference; lastKnownFileType = text.plist.xml; path = Info.plist; sourceTree = "<group>"; };
		6F71354319646266009B26D8 /* AGDeviceRegistrationTests.swift */ = {isa = PBXFileReference; lastKnownFileType = sourcecode.swift; path = AGDeviceRegistrationTests.swift; sourceTree = "<group>"; };
/* End PBXFileReference section */

/* Begin PBXFrameworksBuildPhase section */
		6F71352D19646266009B26D8 /* Frameworks */ = {
			isa = PBXFrameworksBuildPhase;
			buildActionMask = 2147483647;
			files = (
			);
			runOnlyForDeploymentPostprocessing = 0;
		};
		6F71353919646266009B26D8 /* Frameworks */ = {
			isa = PBXFrameworksBuildPhase;
			buildActionMask = 2147483647;
			files = (
				48AC63691A6D350C00E2FB7A /* AeroGearHttpStub.framework in Frameworks */,
				6F46D37B19A3A726001799DB /* AeroGearPush.framework in Frameworks */,
			);
			runOnlyForDeploymentPostprocessing = 0;
		};
/* End PBXFrameworksBuildPhase section */

/* Begin PBXGroup section */
		48AC63611A6D348C00E2FB7A /* Products */ = {
			isa = PBXGroup;
			children = (
				48AC63661A6D348D00E2FB7A /* AeroGearHttpStub.framework */,
				48AC63681A6D348D00E2FB7A /* AeroGearHttpStubTests.xctest */,
			);
			name = Products;
			sourceTree = "<group>";
		};
		6F464175196565EE00D2B1C9 /* Internal */ = {
			isa = PBXGroup;
			children = (
				6F4641761965660300D2B1C9 /* AGClientDeviceInformationImpl.swift */,
			);
			name = Internal;
			sourceTree = "<group>";
		};
		6F71352719646266009B26D8 = {
			isa = PBXGroup;
			children = (
				6F71353319646266009B26D8 /* push-sdk-swift */,
				6F71353619646266009B26D8 /* push-sdk-swift.h */,
				6F71353419646266009B26D8 /* Supporting Files */,
				6F71354019646266009B26D8 /* push-sdk-swiftTests */,
				6F71353219646266009B26D8 /* Products */,
			);
			sourceTree = "<group>";
		};
		6F71353219646266009B26D8 /* Products */ = {
			isa = PBXGroup;
			children = (
				6F71353119646266009B26D8 /* AeroGearPush.framework */,
				6F71353C19646266009B26D8 /* AeroGearPushTests.xctest */,
			);
			name = Products;
			sourceTree = "<group>";
		};
		6F71353319646266009B26D8 /* push-sdk-swift */ = {
			isa = PBXGroup;
			children = (
				6F464175196565EE00D2B1C9 /* Internal */,
				6F46417119654E4A00D2B1C9 /* AGDeviceRegistration.swift */,
				6F464173196564A500D2B1C9 /* AGClientDeviceInformation.swift */,
			);
			path = "push-sdk-swift";
			sourceTree = "<group>";
		};
		6F71353419646266009B26D8 /* Supporting Files */ = {
			isa = PBXGroup;
			children = (
				6F71353519646266009B26D8 /* Info.plist */,
			);
			name = "Supporting Files";
			path = "push-sdk-swift";
			sourceTree = "<group>";
		};
		6F71354019646266009B26D8 /* push-sdk-swiftTests */ = {
			isa = PBXGroup;
			children = (
				48AC63601A6D348C00E2FB7A /* AeroGearHttpStub.xcodeproj */,
				6F71354319646266009B26D8 /* AGDeviceRegistrationTests.swift */,
				6F71354119646266009B26D8 /* Supporting Files */,
			);
			path = "push-sdk-swiftTests";
			sourceTree = "<group>";
		};
		6F71354119646266009B26D8 /* Supporting Files */ = {
			isa = PBXGroup;
			children = (
				6F71354219646266009B26D8 /* Info.plist */,
			);
			name = "Supporting Files";
			sourceTree = "<group>";
		};
/* End PBXGroup section */

/* Begin PBXHeadersBuildPhase section */
		6F71352E19646266009B26D8 /* Headers */ = {
			isa = PBXHeadersBuildPhase;
			buildActionMask = 2147483647;
			files = (
				6F71353719646266009B26D8 /* push-sdk-swift.h in Headers */,
			);
			runOnlyForDeploymentPostprocessing = 0;
		};
/* End PBXHeadersBuildPhase section */

/* Begin PBXNativeTarget section */
		6F71353019646266009B26D8 /* AeroGearPush */ = {
			isa = PBXNativeTarget;
			buildConfigurationList = 6F71354719646266009B26D8 /* Build configuration list for PBXNativeTarget "AeroGearPush" */;
			buildPhases = (
				6F71352C19646266009B26D8 /* Sources */,
				6F71352D19646266009B26D8 /* Frameworks */,
				6F71352E19646266009B26D8 /* Headers */,
				6F71352F19646266009B26D8 /* Resources */,
			);
			buildRules = (
			);
			dependencies = (
			);
			name = AeroGearPush;
			productName = "push-sdk-swift";
			productReference = 6F71353119646266009B26D8 /* AeroGearPush.framework */;
			productType = "com.apple.product-type.framework";
		};
		6F71353B19646266009B26D8 /* AeroGearPushTests */ = {
			isa = PBXNativeTarget;
			buildConfigurationList = 6F71354A19646266009B26D8 /* Build configuration list for PBXNativeTarget "AeroGearPushTests" */;
			buildPhases = (
				6F71353819646266009B26D8 /* Sources */,
				6F71353919646266009B26D8 /* Frameworks */,
				6F71353A19646266009B26D8 /* Resources */,
				6F4970DA1A1688CB00A1B50F /* Copy Frameworks */,
			);
			buildRules = (
			);
			dependencies = (
				6F71353F19646266009B26D8 /* PBXTargetDependency */,
				6FC98786196603F100816D86 /* PBXTargetDependency */,
				6FC98788196603F100816D86 /* PBXTargetDependency */,
			);
			name = AeroGearPushTests;
			productName = "push-sdk-swiftTests";
			productReference = 6F71353C19646266009B26D8 /* AeroGearPushTests.xctest */;
			productType = "com.apple.product-type.bundle.unit-test";
		};
/* End PBXNativeTarget section */

/* Begin PBXProject section */
		6F71352819646266009B26D8 /* Project object */ = {
			isa = PBXProject;
			attributes = {
				LastUpgradeCheck = 0600;
				ORGANIZATIONNAME = AeroGear;
				TargetAttributes = {
					6F71353019646266009B26D8 = {
						CreatedOnToolsVersion = 6.0;
					};
					6F71353B19646266009B26D8 = {
						CreatedOnToolsVersion = 6.0;
						TestTargetID = 6F71353019646266009B26D8;
					};
				};
			};
			buildConfigurationList = 6F71352B19646266009B26D8 /* Build configuration list for PBXProject "AeroGearPush" */;
			compatibilityVersion = "Xcode 3.2";
			developmentRegion = English;
			hasScannedForEncodings = 0;
			knownRegions = (
				en,
			);
			mainGroup = 6F71352719646266009B26D8;
			productRefGroup = 6F71353219646266009B26D8 /* Products */;
			projectDirPath = "";
			projectReferences = (
				{
					ProductGroup = 48AC63611A6D348C00E2FB7A /* Products */;
					ProjectRef = 48AC63601A6D348C00E2FB7A /* AeroGearHttpStub.xcodeproj */;
				},
			);
			projectRoot = "";
			targets = (
				6F71353019646266009B26D8 /* AeroGearPush */,
				6F71353B19646266009B26D8 /* AeroGearPushTests */,
			);
		};
/* End PBXProject section */

/* Begin PBXReferenceProxy section */
		48AC63661A6D348D00E2FB7A /* AeroGearHttpStub.framework */ = {
			isa = PBXReferenceProxy;
			fileType = wrapper.framework;
			path = AeroGearHttpStub.framework;
			remoteRef = 48AC63651A6D348D00E2FB7A /* PBXContainerItemProxy */;
			sourceTree = BUILT_PRODUCTS_DIR;
		};
		48AC63681A6D348D00E2FB7A /* AeroGearHttpStubTests.xctest */ = {
			isa = PBXReferenceProxy;
			fileType = wrapper.cfbundle;
			path = AeroGearHttpStubTests.xctest;
			remoteRef = 48AC63671A6D348D00E2FB7A /* PBXContainerItemProxy */;
			sourceTree = BUILT_PRODUCTS_DIR;
		};
/* End PBXReferenceProxy section */

/* Begin PBXResourcesBuildPhase section */
		6F71352F19646266009B26D8 /* Resources */ = {
			isa = PBXResourcesBuildPhase;
			buildActionMask = 2147483647;
			files = (
			);
			runOnlyForDeploymentPostprocessing = 0;
		};
		6F71353A19646266009B26D8 /* Resources */ = {
			isa = PBXResourcesBuildPhase;
			buildActionMask = 2147483647;
			files = (
			);
			runOnlyForDeploymentPostprocessing = 0;
		};
/* End PBXResourcesBuildPhase section */

/* Begin PBXSourcesBuildPhase section */
		6F71352C19646266009B26D8 /* Sources */ = {
			isa = PBXSourcesBuildPhase;
			buildActionMask = 2147483647;
			files = (
				6F4641771965660300D2B1C9 /* AGClientDeviceInformationImpl.swift in Sources */,
				6F46417219654E4A00D2B1C9 /* AGDeviceRegistration.swift in Sources */,
				6F464174196564A500D2B1C9 /* AGClientDeviceInformation.swift in Sources */,
			);
			runOnlyForDeploymentPostprocessing = 0;
		};
		6F71353819646266009B26D8 /* Sources */ = {
			isa = PBXSourcesBuildPhase;
			buildActionMask = 2147483647;
			files = (
				6F71354419646266009B26D8 /* AGDeviceRegistrationTests.swift in Sources */,
			);
			runOnlyForDeploymentPostprocessing = 0;
		};
/* End PBXSourcesBuildPhase section */

/* Begin PBXTargetDependency section */
		6F71353F19646266009B26D8 /* PBXTargetDependency */ = {
			isa = PBXTargetDependency;
			target = 6F71353019646266009B26D8 /* AeroGearPush */;
			targetProxy = 6F71353E19646266009B26D8 /* PBXContainerItemProxy */;
		};
		6FC98786196603F100816D86 /* PBXTargetDependency */ = {
			isa = PBXTargetDependency;
			target = 6F71353019646266009B26D8 /* AeroGearPush */;
			targetProxy = 6FC98785196603F100816D86 /* PBXContainerItemProxy */;
		};
		6FC98788196603F100816D86 /* PBXTargetDependency */ = {
			isa = PBXTargetDependency;
			target = 6F71353019646266009B26D8 /* AeroGearPush */;
			targetProxy = 6FC98787196603F100816D86 /* PBXContainerItemProxy */;
		};
/* End PBXTargetDependency section */

/* Begin XCBuildConfiguration section */
		6F71354519646266009B26D8 /* Debug */ = {
			isa = XCBuildConfiguration;
			buildSettings = {
				ALWAYS_SEARCH_USER_PATHS = NO;
				CLANG_CXX_LANGUAGE_STANDARD = "gnu++0x";
				CLANG_CXX_LIBRARY = "libc++";
				CLANG_ENABLE_MODULES = YES;
				CLANG_ENABLE_OBJC_ARC = YES;
				CLANG_WARN_BOOL_CONVERSION = YES;
				CLANG_WARN_CONSTANT_CONVERSION = YES;
				CLANG_WARN_DIRECT_OBJC_ISA_USAGE = YES_ERROR;
				CLANG_WARN_EMPTY_BODY = YES;
				CLANG_WARN_ENUM_CONVERSION = YES;
				CLANG_WARN_INT_CONVERSION = YES;
				CLANG_WARN_OBJC_ROOT_CLASS = YES_ERROR;
				CLANG_WARN_UNREACHABLE_CODE = YES;
				CLANG_WARN__DUPLICATE_METHOD_MATCH = YES;
				"CODE_SIGN_IDENTITY[sdk=iphoneos*]" = "iPhone Developer";
				COPY_PHASE_STRIP = NO;
				CURRENT_PROJECT_VERSION = 1;
				ENABLE_STRICT_OBJC_MSGSEND = YES;
				GCC_C_LANGUAGE_STANDARD = gnu99;
				GCC_DYNAMIC_NO_PIC = NO;
				GCC_OPTIMIZATION_LEVEL = 0;
				GCC_PREPROCESSOR_DEFINITIONS = (
					"DEBUG=1",
					"$(inherited)",
				);
				GCC_SYMBOLS_PRIVATE_EXTERN = NO;
				GCC_WARN_64_TO_32_BIT_CONVERSION = YES;
				GCC_WARN_ABOUT_RETURN_TYPE = YES_ERROR;
				GCC_WARN_UNDECLARED_SELECTOR = YES;
				GCC_WARN_UNINITIALIZED_AUTOS = YES_AGGRESSIVE;
				GCC_WARN_UNUSED_FUNCTION = YES;
				GCC_WARN_UNUSED_VARIABLE = YES;
				IPHONEOS_DEPLOYMENT_TARGET = 8.0;
				METAL_ENABLE_DEBUG_INFO = YES;
				ONLY_ACTIVE_ARCH = YES;
				SDKROOT = iphoneos;
				SWIFT_OPTIMIZATION_LEVEL = "-Onone";
				TARGETED_DEVICE_FAMILY = "1,2";
				VERSIONING_SYSTEM = "apple-generic";
				VERSION_INFO_PREFIX = "";
			};
			name = Debug;
		};
		6F71354619646266009B26D8 /* Release */ = {
			isa = XCBuildConfiguration;
			buildSettings = {
				ALWAYS_SEARCH_USER_PATHS = NO;
				CLANG_CXX_LANGUAGE_STANDARD = "gnu++0x";
				CLANG_CXX_LIBRARY = "libc++";
				CLANG_ENABLE_MODULES = YES;
				CLANG_ENABLE_OBJC_ARC = YES;
				CLANG_WARN_BOOL_CONVERSION = YES;
				CLANG_WARN_CONSTANT_CONVERSION = YES;
				CLANG_WARN_DIRECT_OBJC_ISA_USAGE = YES_ERROR;
				CLANG_WARN_EMPTY_BODY = YES;
				CLANG_WARN_ENUM_CONVERSION = YES;
				CLANG_WARN_INT_CONVERSION = YES;
				CLANG_WARN_OBJC_ROOT_CLASS = YES_ERROR;
				CLANG_WARN_UNREACHABLE_CODE = YES;
				CLANG_WARN__DUPLICATE_METHOD_MATCH = YES;
				"CODE_SIGN_IDENTITY[sdk=iphoneos*]" = "iPhone Developer";
				COPY_PHASE_STRIP = YES;
				CURRENT_PROJECT_VERSION = 1;
				ENABLE_NS_ASSERTIONS = NO;
				ENABLE_STRICT_OBJC_MSGSEND = YES;
				GCC_C_LANGUAGE_STANDARD = gnu99;
				GCC_WARN_64_TO_32_BIT_CONVERSION = YES;
				GCC_WARN_ABOUT_RETURN_TYPE = YES_ERROR;
				GCC_WARN_UNDECLARED_SELECTOR = YES;
				GCC_WARN_UNINITIALIZED_AUTOS = YES_AGGRESSIVE;
				GCC_WARN_UNUSED_FUNCTION = YES;
				GCC_WARN_UNUSED_VARIABLE = YES;
				IPHONEOS_DEPLOYMENT_TARGET = 8.0;
				METAL_ENABLE_DEBUG_INFO = NO;
				SDKROOT = iphoneos;
				TARGETED_DEVICE_FAMILY = "1,2";
				VALIDATE_PRODUCT = YES;
				VERSIONING_SYSTEM = "apple-generic";
				VERSION_INFO_PREFIX = "";
			};
			name = Release;
		};
		6F71354819646266009B26D8 /* Debug */ = {
			isa = XCBuildConfiguration;
			buildSettings = {
				CLANG_ENABLE_MODULES = YES;
				DEFINES_MODULE = YES;
				DYLIB_COMPATIBILITY_VERSION = 1;
				DYLIB_CURRENT_VERSION = 1;
				DYLIB_INSTALL_NAME_BASE = "@rpath";
				INFOPLIST_FILE = "push-sdk-swift/Info.plist";
				INSTALL_PATH = "$(LOCAL_LIBRARY_DIR)/Frameworks";
				LD_RUNPATH_SEARCH_PATHS = "$(inherited) @executable_path/Frameworks @loader_path/Frameworks";
				PRODUCT_NAME = AeroGearPush;
				SKIP_INSTALL = YES;
				SWIFT_OPTIMIZATION_LEVEL = "-Onone";
			};
			name = Debug;
		};
		6F71354919646266009B26D8 /* Release */ = {
			isa = XCBuildConfiguration;
			buildSettings = {
				CLANG_ENABLE_MODULES = YES;
				DEFINES_MODULE = YES;
				DYLIB_COMPATIBILITY_VERSION = 1;
				DYLIB_CURRENT_VERSION = 1;
				DYLIB_INSTALL_NAME_BASE = "@rpath";
				INFOPLIST_FILE = "push-sdk-swift/Info.plist";
				INSTALL_PATH = "$(LOCAL_LIBRARY_DIR)/Frameworks";
				LD_RUNPATH_SEARCH_PATHS = "$(inherited) @executable_path/Frameworks @loader_path/Frameworks";
				PRODUCT_NAME = AeroGearPush;
				SKIP_INSTALL = YES;
			};
			name = Release;
		};
		6F71354B19646266009B26D8 /* Debug */ = {
			isa = XCBuildConfiguration;
			buildSettings = {
				FRAMEWORK_SEARCH_PATHS = (
					"$(SDKROOT)/Developer/Library/Frameworks",
					"$(inherited)",
				);
				GCC_PREPROCESSOR_DEFINITIONS = (
					"DEBUG=1",
					"$(inherited)",
				);
				INFOPLIST_FILE = "push-sdk-swiftTests/Info.plist";
				LD_RUNPATH_SEARCH_PATHS = "$(inherited) @executable_path/Frameworks @loader_path/Frameworks";
				METAL_ENABLE_DEBUG_INFO = YES;
				PRODUCT_NAME = AeroGearPushTests;
			};
			name = Debug;
		};
		6F71354C19646266009B26D8 /* Release */ = {
			isa = XCBuildConfiguration;
			buildSettings = {
				FRAMEWORK_SEARCH_PATHS = (
					"$(SDKROOT)/Developer/Library/Frameworks",
					"$(inherited)",
				);
				INFOPLIST_FILE = "push-sdk-swiftTests/Info.plist";
				LD_RUNPATH_SEARCH_PATHS = "$(inherited) @executable_path/Frameworks @loader_path/Frameworks";
				METAL_ENABLE_DEBUG_INFO = NO;
				PRODUCT_NAME = AeroGearPushTests;
			};
			name = Release;
		};
/* End XCBuildConfiguration section */

/* Begin XCConfigurationList section */
		6F71352B19646266009B26D8 /* Build configuration list for PBXProject "AeroGearPush" */ = {
			isa = XCConfigurationList;
			buildConfigurations = (
				6F71354519646266009B26D8 /* Debug */,
				6F71354619646266009B26D8 /* Release */,
			);
			defaultConfigurationIsVisible = 0;
			defaultConfigurationName = Release;
		};
		6F71354719646266009B26D8 /* Build configuration list for PBXNativeTarget "AeroGearPush" */ = {
			isa = XCConfigurationList;
			buildConfigurations = (
				6F71354819646266009B26D8 /* Debug */,
				6F71354919646266009B26D8 /* Release */,
			);
			defaultConfigurationIsVisible = 0;
			defaultConfigurationName = Release;
		};
		6F71354A19646266009B26D8 /* Build configuration list for PBXNativeTarget "AeroGearPushTests" */ = {
			isa = XCConfigurationList;
			buildConfigurations = (
				6F71354B19646266009B26D8 /* Debug */,
				6F71354C19646266009B26D8 /* Release */,
			);
			defaultConfigurationIsVisible = 0;
			defaultConfigurationName = Release;
		};
/* End XCConfigurationList section */
	};
	rootObject = 6F71352819646266009B26D8 /* Project object */;
}
=======
<?xml version="1.0" encoding="UTF-8"?>
<!DOCTYPE plist PUBLIC "-//Apple//DTD PLIST 1.0//EN" "http://www.apple.com/DTDs/PropertyList-1.0.dtd">
<plist version="1.0">
<dict>
	<key>archiveVersion</key>
	<string>1</string>
	<key>classes</key>
	<dict/>
	<key>objectVersion</key>
	<string>46</string>
	<key>objects</key>
	<dict>
		<key>0B47BCF781ECC4F3C23BCD38</key>
		<dict>
			<key>includeInIndex</key>
			<string>1</string>
			<key>isa</key>
			<string>PBXFileReference</string>
			<key>lastKnownFileType</key>
			<string>text.xcconfig</string>
			<key>name</key>
			<string>Pods-AeroGearPushTests.debug.xcconfig</string>
			<key>path</key>
			<string>Pods/Target Support Files/Pods-AeroGearPushTests/Pods-AeroGearPushTests.debug.xcconfig</string>
			<key>sourceTree</key>
			<string>&lt;group&gt;</string>
		</dict>
		<key>0B6769DCED2430AF77B19BDF</key>
		<dict>
			<key>includeInIndex</key>
			<string>1</string>
			<key>isa</key>
			<string>PBXFileReference</string>
			<key>lastKnownFileType</key>
			<string>text.xcconfig</string>
			<key>name</key>
			<string>Pods-AeroGearPushTests.release.xcconfig</string>
			<key>path</key>
			<string>Pods/Target Support Files/Pods-AeroGearPushTests/Pods-AeroGearPushTests.release.xcconfig</string>
			<key>sourceTree</key>
			<string>&lt;group&gt;</string>
		</dict>
		<key>162C279BA1474C1596DD26EB</key>
		<dict>
			<key>buildActionMask</key>
			<string>2147483647</string>
			<key>files</key>
			<array/>
			<key>inputPaths</key>
			<array/>
			<key>isa</key>
			<string>PBXShellScriptBuildPhase</string>
			<key>name</key>
			<string>Embed Pods Frameworks</string>
			<key>outputPaths</key>
			<array/>
			<key>runOnlyForDeploymentPostprocessing</key>
			<string>0</string>
			<key>shellPath</key>
			<string>/bin/sh</string>
			<key>shellScript</key>
			<string>"${SRCROOT}/Pods/Target Support Files/Pods-AeroGearPushTests/Pods-AeroGearPushTests-frameworks.sh"
</string>
			<key>showEnvVarsInLog</key>
			<string>0</string>
		</dict>
		<key>2417E0E33471ADB4B4F1AD21</key>
		<dict>
			<key>explicitFileType</key>
			<string>wrapper.framework</string>
			<key>includeInIndex</key>
			<string>0</string>
			<key>isa</key>
			<string>PBXFileReference</string>
			<key>path</key>
			<string>Pods_AeroGearPushTests.framework</string>
			<key>sourceTree</key>
			<string>BUILT_PRODUCTS_DIR</string>
		</dict>
		<key>2544147A5847C5E69E4E0D00</key>
		<dict>
			<key>children</key>
			<array>
				<string>0B47BCF781ECC4F3C23BCD38</string>
				<string>0B6769DCED2430AF77B19BDF</string>
			</array>
			<key>isa</key>
			<string>PBXGroup</string>
			<key>name</key>
			<string>Pods</string>
			<key>sourceTree</key>
			<string>&lt;group&gt;</string>
		</dict>
		<key>384684D6EE7FC2598709DF51</key>
		<dict>
			<key>buildActionMask</key>
			<string>2147483647</string>
			<key>files</key>
			<array/>
			<key>inputPaths</key>
			<array/>
			<key>isa</key>
			<string>PBXShellScriptBuildPhase</string>
			<key>name</key>
			<string>Check Pods Manifest.lock</string>
			<key>outputPaths</key>
			<array/>
			<key>runOnlyForDeploymentPostprocessing</key>
			<string>0</string>
			<key>shellPath</key>
			<string>/bin/sh</string>
			<key>shellScript</key>
			<string>diff "${PODS_ROOT}/../Podfile.lock" "${PODS_ROOT}/Manifest.lock" &gt; /dev/null
if [[ $? != 0 ]] ; then
    cat &lt;&lt; EOM
error: The sandbox is not in sync with the Podfile.lock. Run 'pod install' or update your CocoaPods installation.
EOM
    exit 1
fi
</string>
			<key>showEnvVarsInLog</key>
			<string>0</string>
		</dict>
		<key>38F339355EDD518D3ABE654D</key>
		<dict>
			<key>buildActionMask</key>
			<string>2147483647</string>
			<key>files</key>
			<array/>
			<key>inputPaths</key>
			<array/>
			<key>isa</key>
			<string>PBXShellScriptBuildPhase</string>
			<key>name</key>
			<string>Copy Pods Resources</string>
			<key>outputPaths</key>
			<array/>
			<key>runOnlyForDeploymentPostprocessing</key>
			<string>0</string>
			<key>shellPath</key>
			<string>/bin/sh</string>
			<key>shellScript</key>
			<string>"${SRCROOT}/Pods/Target Support Files/Pods-AeroGearPushTests/Pods-AeroGearPushTests-resources.sh"
</string>
			<key>showEnvVarsInLog</key>
			<string>0</string>
		</dict>
		<key>3C59207F1D0D2DD4859E84C9</key>
		<dict>
			<key>children</key>
			<array>
				<string>2417E0E33471ADB4B4F1AD21</string>
			</array>
			<key>isa</key>
			<string>PBXGroup</string>
			<key>name</key>
			<string>Frameworks</string>
			<key>sourceTree</key>
			<string>&lt;group&gt;</string>
		</dict>
		<key>6F46417119654E4A00D2B1C9</key>
		<dict>
			<key>fileEncoding</key>
			<string>4</string>
			<key>isa</key>
			<string>PBXFileReference</string>
			<key>lastKnownFileType</key>
			<string>sourcecode.swift</string>
			<key>path</key>
			<string>AGDeviceRegistration.swift</string>
			<key>sourceTree</key>
			<string>&lt;group&gt;</string>
		</dict>
		<key>6F46417219654E4A00D2B1C9</key>
		<dict>
			<key>fileRef</key>
			<string>6F46417119654E4A00D2B1C9</string>
			<key>isa</key>
			<string>PBXBuildFile</string>
		</dict>
		<key>6F464173196564A500D2B1C9</key>
		<dict>
			<key>fileEncoding</key>
			<string>4</string>
			<key>isa</key>
			<string>PBXFileReference</string>
			<key>lastKnownFileType</key>
			<string>sourcecode.swift</string>
			<key>path</key>
			<string>AGClientDeviceInformation.swift</string>
			<key>sourceTree</key>
			<string>&lt;group&gt;</string>
		</dict>
		<key>6F464174196564A500D2B1C9</key>
		<dict>
			<key>fileRef</key>
			<string>6F464173196564A500D2B1C9</string>
			<key>isa</key>
			<string>PBXBuildFile</string>
		</dict>
		<key>6F464175196565EE00D2B1C9</key>
		<dict>
			<key>children</key>
			<array>
				<string>6F4641761965660300D2B1C9</string>
			</array>
			<key>isa</key>
			<string>PBXGroup</string>
			<key>name</key>
			<string>Internal</string>
			<key>sourceTree</key>
			<string>&lt;group&gt;</string>
		</dict>
		<key>6F4641761965660300D2B1C9</key>
		<dict>
			<key>fileEncoding</key>
			<string>4</string>
			<key>isa</key>
			<string>PBXFileReference</string>
			<key>lastKnownFileType</key>
			<string>sourcecode.swift</string>
			<key>path</key>
			<string>AGClientDeviceInformationImpl.swift</string>
			<key>sourceTree</key>
			<string>&lt;group&gt;</string>
		</dict>
		<key>6F4641771965660300D2B1C9</key>
		<dict>
			<key>fileRef</key>
			<string>6F4641761965660300D2B1C9</string>
			<key>isa</key>
			<string>PBXBuildFile</string>
		</dict>
		<key>6F46D37219A3A704001799DB</key>
		<dict>
			<key>isa</key>
			<string>PBXFileReference</string>
			<key>lastKnownFileType</key>
			<string>wrapper.pb-project</string>
			<key>name</key>
			<string>AGURLSessionStubs.xcodeproj</string>
			<key>path</key>
			<string>aerogear-ios-httpstub/AGURLSessionStubs.xcodeproj</string>
			<key>sourceTree</key>
			<string>&lt;group&gt;</string>
		</dict>
		<key>6F46D37319A3A704001799DB</key>
		<dict>
			<key>children</key>
			<array>
				<string>6F46D37819A3A704001799DB</string>
				<string>6F46D37A19A3A704001799DB</string>
			</array>
			<key>isa</key>
			<string>PBXGroup</string>
			<key>name</key>
			<string>Products</string>
			<key>sourceTree</key>
			<string>&lt;group&gt;</string>
		</dict>
		<key>6F46D37719A3A704001799DB</key>
		<dict>
			<key>containerPortal</key>
			<string>6F46D37219A3A704001799DB</string>
			<key>isa</key>
			<string>PBXContainerItemProxy</string>
			<key>proxyType</key>
			<string>2</string>
			<key>remoteGlobalIDString</key>
			<string>6F3C40A1197BCCD80072D66A</string>
			<key>remoteInfo</key>
			<string>AGURLSessionStubs</string>
		</dict>
		<key>6F46D37819A3A704001799DB</key>
		<dict>
			<key>fileType</key>
			<string>wrapper.framework</string>
			<key>isa</key>
			<string>PBXReferenceProxy</string>
			<key>path</key>
			<string>AGURLSessionStubs.framework</string>
			<key>remoteRef</key>
			<string>6F46D37719A3A704001799DB</string>
			<key>sourceTree</key>
			<string>BUILT_PRODUCTS_DIR</string>
		</dict>
		<key>6F46D37919A3A704001799DB</key>
		<dict>
			<key>containerPortal</key>
			<string>6F46D37219A3A704001799DB</string>
			<key>isa</key>
			<string>PBXContainerItemProxy</string>
			<key>proxyType</key>
			<string>2</string>
			<key>remoteGlobalIDString</key>
			<string>6F3C40AC197BCCD80072D66A</string>
			<key>remoteInfo</key>
			<string>AGURLSessionStubsTests</string>
		</dict>
		<key>6F46D37A19A3A704001799DB</key>
		<dict>
			<key>fileType</key>
			<string>wrapper.cfbundle</string>
			<key>isa</key>
			<string>PBXReferenceProxy</string>
			<key>path</key>
			<string>AGURLSessionStubsTests.xctest</string>
			<key>remoteRef</key>
			<string>6F46D37919A3A704001799DB</string>
			<key>sourceTree</key>
			<string>BUILT_PRODUCTS_DIR</string>
		</dict>
		<key>6F46D37B19A3A726001799DB</key>
		<dict>
			<key>fileRef</key>
			<string>6F71353119646266009B26D8</string>
			<key>isa</key>
			<string>PBXBuildFile</string>
		</dict>
		<key>6F46D37C19A3A729001799DB</key>
		<dict>
			<key>fileRef</key>
			<string>6F46D37819A3A704001799DB</string>
			<key>isa</key>
			<string>PBXBuildFile</string>
		</dict>
		<key>6F4970DA1A1688CB00A1B50F</key>
		<dict>
			<key>buildActionMask</key>
			<string>2147483647</string>
			<key>dstPath</key>
			<string></string>
			<key>dstSubfolderSpec</key>
			<string>10</string>
			<key>files</key>
			<array>
				<string>6F4970DE1A1688DF00A1B50F</string>
			</array>
			<key>isa</key>
			<string>PBXCopyFilesBuildPhase</string>
			<key>name</key>
			<string>Copy Frameworks</string>
			<key>runOnlyForDeploymentPostprocessing</key>
			<string>0</string>
		</dict>
		<key>6F4970DE1A1688DF00A1B50F</key>
		<dict>
			<key>fileRef</key>
			<string>6F71353119646266009B26D8</string>
			<key>isa</key>
			<string>PBXBuildFile</string>
			<key>settings</key>
			<dict>
				<key>ATTRIBUTES</key>
				<array>
					<string>CodeSignOnCopy</string>
					<string>RemoveHeadersOnCopy</string>
				</array>
			</dict>
		</dict>
		<key>6F71352719646266009B26D8</key>
		<dict>
			<key>children</key>
			<array>
				<string>6F71353319646266009B26D8</string>
				<string>6F71353619646266009B26D8</string>
				<string>6F71353419646266009B26D8</string>
				<string>6F71354019646266009B26D8</string>
				<string>6F71353219646266009B26D8</string>
				<string>2544147A5847C5E69E4E0D00</string>
				<string>3C59207F1D0D2DD4859E84C9</string>
			</array>
			<key>isa</key>
			<string>PBXGroup</string>
			<key>sourceTree</key>
			<string>&lt;group&gt;</string>
		</dict>
		<key>6F71352819646266009B26D8</key>
		<dict>
			<key>attributes</key>
			<dict>
				<key>LastUpgradeCheck</key>
				<string>0600</string>
				<key>ORGANIZATIONNAME</key>
				<string>AeroGear</string>
				<key>TargetAttributes</key>
				<dict>
					<key>6F71353019646266009B26D8</key>
					<dict>
						<key>CreatedOnToolsVersion</key>
						<string>6.0</string>
					</dict>
					<key>6F71353B19646266009B26D8</key>
					<dict>
						<key>CreatedOnToolsVersion</key>
						<string>6.0</string>
						<key>TestTargetID</key>
						<string>6F71353019646266009B26D8</string>
					</dict>
				</dict>
			</dict>
			<key>buildConfigurationList</key>
			<string>6F71352B19646266009B26D8</string>
			<key>compatibilityVersion</key>
			<string>Xcode 3.2</string>
			<key>developmentRegion</key>
			<string>English</string>
			<key>hasScannedForEncodings</key>
			<string>0</string>
			<key>isa</key>
			<string>PBXProject</string>
			<key>knownRegions</key>
			<array>
				<string>en</string>
			</array>
			<key>mainGroup</key>
			<string>6F71352719646266009B26D8</string>
			<key>productRefGroup</key>
			<string>6F71353219646266009B26D8</string>
			<key>projectDirPath</key>
			<string></string>
			<key>projectReferences</key>
			<array>
				<dict>
					<key>ProductGroup</key>
					<string>6F46D37319A3A704001799DB</string>
					<key>ProjectRef</key>
					<string>6F46D37219A3A704001799DB</string>
				</dict>
			</array>
			<key>projectRoot</key>
			<string></string>
			<key>targets</key>
			<array>
				<string>6F71353019646266009B26D8</string>
				<string>6F71353B19646266009B26D8</string>
			</array>
		</dict>
		<key>6F71352B19646266009B26D8</key>
		<dict>
			<key>buildConfigurations</key>
			<array>
				<string>6F71354519646266009B26D8</string>
				<string>6F71354619646266009B26D8</string>
			</array>
			<key>defaultConfigurationIsVisible</key>
			<string>0</string>
			<key>defaultConfigurationName</key>
			<string>Release</string>
			<key>isa</key>
			<string>XCConfigurationList</string>
		</dict>
		<key>6F71352C19646266009B26D8</key>
		<dict>
			<key>buildActionMask</key>
			<string>2147483647</string>
			<key>files</key>
			<array>
				<string>6F4641771965660300D2B1C9</string>
				<string>6F46417219654E4A00D2B1C9</string>
				<string>6F464174196564A500D2B1C9</string>
			</array>
			<key>isa</key>
			<string>PBXSourcesBuildPhase</string>
			<key>runOnlyForDeploymentPostprocessing</key>
			<string>0</string>
		</dict>
		<key>6F71352D19646266009B26D8</key>
		<dict>
			<key>buildActionMask</key>
			<string>2147483647</string>
			<key>files</key>
			<array/>
			<key>isa</key>
			<string>PBXFrameworksBuildPhase</string>
			<key>runOnlyForDeploymentPostprocessing</key>
			<string>0</string>
		</dict>
		<key>6F71352E19646266009B26D8</key>
		<dict>
			<key>buildActionMask</key>
			<string>2147483647</string>
			<key>files</key>
			<array>
				<string>6F71353719646266009B26D8</string>
			</array>
			<key>isa</key>
			<string>PBXHeadersBuildPhase</string>
			<key>runOnlyForDeploymentPostprocessing</key>
			<string>0</string>
		</dict>
		<key>6F71352F19646266009B26D8</key>
		<dict>
			<key>buildActionMask</key>
			<string>2147483647</string>
			<key>files</key>
			<array/>
			<key>isa</key>
			<string>PBXResourcesBuildPhase</string>
			<key>runOnlyForDeploymentPostprocessing</key>
			<string>0</string>
		</dict>
		<key>6F71353019646266009B26D8</key>
		<dict>
			<key>buildConfigurationList</key>
			<string>6F71354719646266009B26D8</string>
			<key>buildPhases</key>
			<array>
				<string>6F71352C19646266009B26D8</string>
				<string>6F71352D19646266009B26D8</string>
				<string>6F71352E19646266009B26D8</string>
				<string>6F71352F19646266009B26D8</string>
			</array>
			<key>buildRules</key>
			<array/>
			<key>dependencies</key>
			<array/>
			<key>isa</key>
			<string>PBXNativeTarget</string>
			<key>name</key>
			<string>AeroGearPush</string>
			<key>productName</key>
			<string>push-sdk-swift</string>
			<key>productReference</key>
			<string>6F71353119646266009B26D8</string>
			<key>productType</key>
			<string>com.apple.product-type.framework</string>
		</dict>
		<key>6F71353119646266009B26D8</key>
		<dict>
			<key>explicitFileType</key>
			<string>wrapper.framework</string>
			<key>includeInIndex</key>
			<string>0</string>
			<key>isa</key>
			<string>PBXFileReference</string>
			<key>path</key>
			<string>AeroGearPush.framework</string>
			<key>sourceTree</key>
			<string>BUILT_PRODUCTS_DIR</string>
		</dict>
		<key>6F71353219646266009B26D8</key>
		<dict>
			<key>children</key>
			<array>
				<string>6F71353119646266009B26D8</string>
				<string>6F71353C19646266009B26D8</string>
			</array>
			<key>isa</key>
			<string>PBXGroup</string>
			<key>name</key>
			<string>Products</string>
			<key>sourceTree</key>
			<string>&lt;group&gt;</string>
		</dict>
		<key>6F71353319646266009B26D8</key>
		<dict>
			<key>children</key>
			<array>
				<string>6F464175196565EE00D2B1C9</string>
				<string>6F46417119654E4A00D2B1C9</string>
				<string>6F464173196564A500D2B1C9</string>
			</array>
			<key>isa</key>
			<string>PBXGroup</string>
			<key>path</key>
			<string>push-sdk-swift</string>
			<key>sourceTree</key>
			<string>&lt;group&gt;</string>
		</dict>
		<key>6F71353419646266009B26D8</key>
		<dict>
			<key>children</key>
			<array>
				<string>6F71353519646266009B26D8</string>
			</array>
			<key>isa</key>
			<string>PBXGroup</string>
			<key>name</key>
			<string>Supporting Files</string>
			<key>path</key>
			<string>push-sdk-swift</string>
			<key>sourceTree</key>
			<string>&lt;group&gt;</string>
		</dict>
		<key>6F71353519646266009B26D8</key>
		<dict>
			<key>isa</key>
			<string>PBXFileReference</string>
			<key>lastKnownFileType</key>
			<string>text.plist.xml</string>
			<key>path</key>
			<string>Info.plist</string>
			<key>sourceTree</key>
			<string>&lt;group&gt;</string>
		</dict>
		<key>6F71353619646266009B26D8</key>
		<dict>
			<key>isa</key>
			<string>PBXFileReference</string>
			<key>lastKnownFileType</key>
			<string>sourcecode.c.h</string>
			<key>name</key>
			<string>push-sdk-swift.h</string>
			<key>path</key>
			<string>push-sdk-swift/push-sdk-swift.h</string>
			<key>sourceTree</key>
			<string>&lt;group&gt;</string>
		</dict>
		<key>6F71353719646266009B26D8</key>
		<dict>
			<key>fileRef</key>
			<string>6F71353619646266009B26D8</string>
			<key>isa</key>
			<string>PBXBuildFile</string>
			<key>settings</key>
			<dict>
				<key>ATTRIBUTES</key>
				<array>
					<string>Public</string>
				</array>
			</dict>
		</dict>
		<key>6F71353819646266009B26D8</key>
		<dict>
			<key>buildActionMask</key>
			<string>2147483647</string>
			<key>files</key>
			<array>
				<string>6F71354419646266009B26D8</string>
			</array>
			<key>isa</key>
			<string>PBXSourcesBuildPhase</string>
			<key>runOnlyForDeploymentPostprocessing</key>
			<string>0</string>
		</dict>
		<key>6F71353919646266009B26D8</key>
		<dict>
			<key>buildActionMask</key>
			<string>2147483647</string>
			<key>files</key>
			<array>
				<string>6F46D37C19A3A729001799DB</string>
				<string>6F46D37B19A3A726001799DB</string>
				<string>73078050E125052EAD683311</string>
			</array>
			<key>isa</key>
			<string>PBXFrameworksBuildPhase</string>
			<key>runOnlyForDeploymentPostprocessing</key>
			<string>0</string>
		</dict>
		<key>6F71353A19646266009B26D8</key>
		<dict>
			<key>buildActionMask</key>
			<string>2147483647</string>
			<key>files</key>
			<array/>
			<key>isa</key>
			<string>PBXResourcesBuildPhase</string>
			<key>runOnlyForDeploymentPostprocessing</key>
			<string>0</string>
		</dict>
		<key>6F71353B19646266009B26D8</key>
		<dict>
			<key>buildConfigurationList</key>
			<string>6F71354A19646266009B26D8</string>
			<key>buildPhases</key>
			<array>
				<string>384684D6EE7FC2598709DF51</string>
				<string>6F71353819646266009B26D8</string>
				<string>6F71353919646266009B26D8</string>
				<string>6F71353A19646266009B26D8</string>
				<string>6F4970DA1A1688CB00A1B50F</string>
				<string>162C279BA1474C1596DD26EB</string>
				<string>38F339355EDD518D3ABE654D</string>
			</array>
			<key>buildRules</key>
			<array/>
			<key>dependencies</key>
			<array>
				<string>6F71353F19646266009B26D8</string>
				<string>6FC98786196603F100816D86</string>
				<string>6FC98788196603F100816D86</string>
			</array>
			<key>isa</key>
			<string>PBXNativeTarget</string>
			<key>name</key>
			<string>AeroGearPushTests</string>
			<key>productName</key>
			<string>push-sdk-swiftTests</string>
			<key>productReference</key>
			<string>6F71353C19646266009B26D8</string>
			<key>productType</key>
			<string>com.apple.product-type.bundle.unit-test</string>
		</dict>
		<key>6F71353C19646266009B26D8</key>
		<dict>
			<key>explicitFileType</key>
			<string>wrapper.cfbundle</string>
			<key>includeInIndex</key>
			<string>0</string>
			<key>isa</key>
			<string>PBXFileReference</string>
			<key>path</key>
			<string>AeroGearPushTests.xctest</string>
			<key>sourceTree</key>
			<string>BUILT_PRODUCTS_DIR</string>
		</dict>
		<key>6F71353E19646266009B26D8</key>
		<dict>
			<key>containerPortal</key>
			<string>6F71352819646266009B26D8</string>
			<key>isa</key>
			<string>PBXContainerItemProxy</string>
			<key>proxyType</key>
			<string>1</string>
			<key>remoteGlobalIDString</key>
			<string>6F71353019646266009B26D8</string>
			<key>remoteInfo</key>
			<string>push-sdk-swift</string>
		</dict>
		<key>6F71353F19646266009B26D8</key>
		<dict>
			<key>isa</key>
			<string>PBXTargetDependency</string>
			<key>target</key>
			<string>6F71353019646266009B26D8</string>
			<key>targetProxy</key>
			<string>6F71353E19646266009B26D8</string>
		</dict>
		<key>6F71354019646266009B26D8</key>
		<dict>
			<key>children</key>
			<array>
				<string>6F46D37219A3A704001799DB</string>
				<string>6F71354319646266009B26D8</string>
				<string>6F71354119646266009B26D8</string>
			</array>
			<key>isa</key>
			<string>PBXGroup</string>
			<key>path</key>
			<string>push-sdk-swiftTests</string>
			<key>sourceTree</key>
			<string>&lt;group&gt;</string>
		</dict>
		<key>6F71354119646266009B26D8</key>
		<dict>
			<key>children</key>
			<array>
				<string>6F71354219646266009B26D8</string>
			</array>
			<key>isa</key>
			<string>PBXGroup</string>
			<key>name</key>
			<string>Supporting Files</string>
			<key>sourceTree</key>
			<string>&lt;group&gt;</string>
		</dict>
		<key>6F71354219646266009B26D8</key>
		<dict>
			<key>isa</key>
			<string>PBXFileReference</string>
			<key>lastKnownFileType</key>
			<string>text.plist.xml</string>
			<key>path</key>
			<string>Info.plist</string>
			<key>sourceTree</key>
			<string>&lt;group&gt;</string>
		</dict>
		<key>6F71354319646266009B26D8</key>
		<dict>
			<key>isa</key>
			<string>PBXFileReference</string>
			<key>lastKnownFileType</key>
			<string>sourcecode.swift</string>
			<key>path</key>
			<string>AGDeviceRegistrationTests.swift</string>
			<key>sourceTree</key>
			<string>&lt;group&gt;</string>
		</dict>
		<key>6F71354419646266009B26D8</key>
		<dict>
			<key>fileRef</key>
			<string>6F71354319646266009B26D8</string>
			<key>isa</key>
			<string>PBXBuildFile</string>
		</dict>
		<key>6F71354519646266009B26D8</key>
		<dict>
			<key>buildSettings</key>
			<dict>
				<key>ALWAYS_SEARCH_USER_PATHS</key>
				<string>NO</string>
				<key>CLANG_CXX_LANGUAGE_STANDARD</key>
				<string>gnu++0x</string>
				<key>CLANG_CXX_LIBRARY</key>
				<string>libc++</string>
				<key>CLANG_ENABLE_MODULES</key>
				<string>YES</string>
				<key>CLANG_ENABLE_OBJC_ARC</key>
				<string>YES</string>
				<key>CLANG_WARN_BOOL_CONVERSION</key>
				<string>YES</string>
				<key>CLANG_WARN_CONSTANT_CONVERSION</key>
				<string>YES</string>
				<key>CLANG_WARN_DIRECT_OBJC_ISA_USAGE</key>
				<string>YES_ERROR</string>
				<key>CLANG_WARN_EMPTY_BODY</key>
				<string>YES</string>
				<key>CLANG_WARN_ENUM_CONVERSION</key>
				<string>YES</string>
				<key>CLANG_WARN_INT_CONVERSION</key>
				<string>YES</string>
				<key>CLANG_WARN_OBJC_ROOT_CLASS</key>
				<string>YES_ERROR</string>
				<key>CLANG_WARN_UNREACHABLE_CODE</key>
				<string>YES</string>
				<key>CLANG_WARN__DUPLICATE_METHOD_MATCH</key>
				<string>YES</string>
				<key>CODE_SIGN_IDENTITY[sdk=iphoneos*]</key>
				<string>iPhone Developer</string>
				<key>COPY_PHASE_STRIP</key>
				<string>NO</string>
				<key>CURRENT_PROJECT_VERSION</key>
				<string>1</string>
				<key>ENABLE_STRICT_OBJC_MSGSEND</key>
				<string>YES</string>
				<key>GCC_C_LANGUAGE_STANDARD</key>
				<string>gnu99</string>
				<key>GCC_DYNAMIC_NO_PIC</key>
				<string>NO</string>
				<key>GCC_OPTIMIZATION_LEVEL</key>
				<string>0</string>
				<key>GCC_PREPROCESSOR_DEFINITIONS</key>
				<array>
					<string>DEBUG=1</string>
					<string>$(inherited)</string>
				</array>
				<key>GCC_SYMBOLS_PRIVATE_EXTERN</key>
				<string>NO</string>
				<key>GCC_WARN_64_TO_32_BIT_CONVERSION</key>
				<string>YES</string>
				<key>GCC_WARN_ABOUT_RETURN_TYPE</key>
				<string>YES_ERROR</string>
				<key>GCC_WARN_UNDECLARED_SELECTOR</key>
				<string>YES</string>
				<key>GCC_WARN_UNINITIALIZED_AUTOS</key>
				<string>YES_AGGRESSIVE</string>
				<key>GCC_WARN_UNUSED_FUNCTION</key>
				<string>YES</string>
				<key>GCC_WARN_UNUSED_VARIABLE</key>
				<string>YES</string>
				<key>IPHONEOS_DEPLOYMENT_TARGET</key>
				<string>8.0</string>
				<key>METAL_ENABLE_DEBUG_INFO</key>
				<string>YES</string>
				<key>ONLY_ACTIVE_ARCH</key>
				<string>YES</string>
				<key>SDKROOT</key>
				<string>iphoneos</string>
				<key>SWIFT_OPTIMIZATION_LEVEL</key>
				<string>-Onone</string>
				<key>TARGETED_DEVICE_FAMILY</key>
				<string>1,2</string>
				<key>VERSIONING_SYSTEM</key>
				<string>apple-generic</string>
				<key>VERSION_INFO_PREFIX</key>
				<string></string>
			</dict>
			<key>isa</key>
			<string>XCBuildConfiguration</string>
			<key>name</key>
			<string>Debug</string>
		</dict>
		<key>6F71354619646266009B26D8</key>
		<dict>
			<key>buildSettings</key>
			<dict>
				<key>ALWAYS_SEARCH_USER_PATHS</key>
				<string>NO</string>
				<key>CLANG_CXX_LANGUAGE_STANDARD</key>
				<string>gnu++0x</string>
				<key>CLANG_CXX_LIBRARY</key>
				<string>libc++</string>
				<key>CLANG_ENABLE_MODULES</key>
				<string>YES</string>
				<key>CLANG_ENABLE_OBJC_ARC</key>
				<string>YES</string>
				<key>CLANG_WARN_BOOL_CONVERSION</key>
				<string>YES</string>
				<key>CLANG_WARN_CONSTANT_CONVERSION</key>
				<string>YES</string>
				<key>CLANG_WARN_DIRECT_OBJC_ISA_USAGE</key>
				<string>YES_ERROR</string>
				<key>CLANG_WARN_EMPTY_BODY</key>
				<string>YES</string>
				<key>CLANG_WARN_ENUM_CONVERSION</key>
				<string>YES</string>
				<key>CLANG_WARN_INT_CONVERSION</key>
				<string>YES</string>
				<key>CLANG_WARN_OBJC_ROOT_CLASS</key>
				<string>YES_ERROR</string>
				<key>CLANG_WARN_UNREACHABLE_CODE</key>
				<string>YES</string>
				<key>CLANG_WARN__DUPLICATE_METHOD_MATCH</key>
				<string>YES</string>
				<key>CODE_SIGN_IDENTITY[sdk=iphoneos*]</key>
				<string>iPhone Developer</string>
				<key>COPY_PHASE_STRIP</key>
				<string>YES</string>
				<key>CURRENT_PROJECT_VERSION</key>
				<string>1</string>
				<key>ENABLE_NS_ASSERTIONS</key>
				<string>NO</string>
				<key>ENABLE_STRICT_OBJC_MSGSEND</key>
				<string>YES</string>
				<key>GCC_C_LANGUAGE_STANDARD</key>
				<string>gnu99</string>
				<key>GCC_WARN_64_TO_32_BIT_CONVERSION</key>
				<string>YES</string>
				<key>GCC_WARN_ABOUT_RETURN_TYPE</key>
				<string>YES_ERROR</string>
				<key>GCC_WARN_UNDECLARED_SELECTOR</key>
				<string>YES</string>
				<key>GCC_WARN_UNINITIALIZED_AUTOS</key>
				<string>YES_AGGRESSIVE</string>
				<key>GCC_WARN_UNUSED_FUNCTION</key>
				<string>YES</string>
				<key>GCC_WARN_UNUSED_VARIABLE</key>
				<string>YES</string>
				<key>IPHONEOS_DEPLOYMENT_TARGET</key>
				<string>8.0</string>
				<key>METAL_ENABLE_DEBUG_INFO</key>
				<string>NO</string>
				<key>SDKROOT</key>
				<string>iphoneos</string>
				<key>TARGETED_DEVICE_FAMILY</key>
				<string>1,2</string>
				<key>VALIDATE_PRODUCT</key>
				<string>YES</string>
				<key>VERSIONING_SYSTEM</key>
				<string>apple-generic</string>
				<key>VERSION_INFO_PREFIX</key>
				<string></string>
			</dict>
			<key>isa</key>
			<string>XCBuildConfiguration</string>
			<key>name</key>
			<string>Release</string>
		</dict>
		<key>6F71354719646266009B26D8</key>
		<dict>
			<key>buildConfigurations</key>
			<array>
				<string>6F71354819646266009B26D8</string>
				<string>6F71354919646266009B26D8</string>
			</array>
			<key>defaultConfigurationIsVisible</key>
			<string>0</string>
			<key>defaultConfigurationName</key>
			<string>Release</string>
			<key>isa</key>
			<string>XCConfigurationList</string>
		</dict>
		<key>6F71354819646266009B26D8</key>
		<dict>
			<key>buildSettings</key>
			<dict>
				<key>CLANG_ENABLE_MODULES</key>
				<string>YES</string>
				<key>DEFINES_MODULE</key>
				<string>YES</string>
				<key>DYLIB_COMPATIBILITY_VERSION</key>
				<string>1</string>
				<key>DYLIB_CURRENT_VERSION</key>
				<string>1</string>
				<key>DYLIB_INSTALL_NAME_BASE</key>
				<string>@rpath</string>
				<key>INFOPLIST_FILE</key>
				<string>push-sdk-swift/Info.plist</string>
				<key>INSTALL_PATH</key>
				<string>$(LOCAL_LIBRARY_DIR)/Frameworks</string>
				<key>LD_RUNPATH_SEARCH_PATHS</key>
				<string>$(inherited) @executable_path/Frameworks @loader_path/Frameworks</string>
				<key>PRODUCT_NAME</key>
				<string>AeroGearPush</string>
				<key>SKIP_INSTALL</key>
				<string>YES</string>
				<key>SWIFT_OPTIMIZATION_LEVEL</key>
				<string>-Onone</string>
			</dict>
			<key>isa</key>
			<string>XCBuildConfiguration</string>
			<key>name</key>
			<string>Debug</string>
		</dict>
		<key>6F71354919646266009B26D8</key>
		<dict>
			<key>buildSettings</key>
			<dict>
				<key>CLANG_ENABLE_MODULES</key>
				<string>YES</string>
				<key>DEFINES_MODULE</key>
				<string>YES</string>
				<key>DYLIB_COMPATIBILITY_VERSION</key>
				<string>1</string>
				<key>DYLIB_CURRENT_VERSION</key>
				<string>1</string>
				<key>DYLIB_INSTALL_NAME_BASE</key>
				<string>@rpath</string>
				<key>INFOPLIST_FILE</key>
				<string>push-sdk-swift/Info.plist</string>
				<key>INSTALL_PATH</key>
				<string>$(LOCAL_LIBRARY_DIR)/Frameworks</string>
				<key>LD_RUNPATH_SEARCH_PATHS</key>
				<string>$(inherited) @executable_path/Frameworks @loader_path/Frameworks</string>
				<key>PRODUCT_NAME</key>
				<string>AeroGearPush</string>
				<key>SKIP_INSTALL</key>
				<string>YES</string>
			</dict>
			<key>isa</key>
			<string>XCBuildConfiguration</string>
			<key>name</key>
			<string>Release</string>
		</dict>
		<key>6F71354A19646266009B26D8</key>
		<dict>
			<key>buildConfigurations</key>
			<array>
				<string>6F71354B19646266009B26D8</string>
				<string>6F71354C19646266009B26D8</string>
			</array>
			<key>defaultConfigurationIsVisible</key>
			<string>0</string>
			<key>defaultConfigurationName</key>
			<string>Release</string>
			<key>isa</key>
			<string>XCConfigurationList</string>
		</dict>
		<key>6F71354B19646266009B26D8</key>
		<dict>
			<key>baseConfigurationReference</key>
			<string>0B47BCF781ECC4F3C23BCD38</string>
			<key>buildSettings</key>
			<dict>
				<key>FRAMEWORK_SEARCH_PATHS</key>
				<array>
					<string>$(SDKROOT)/Developer/Library/Frameworks</string>
					<string>$(inherited)</string>
				</array>
				<key>GCC_PREPROCESSOR_DEFINITIONS</key>
				<array>
					<string>DEBUG=1</string>
					<string>$(inherited)</string>
				</array>
				<key>INFOPLIST_FILE</key>
				<string>push-sdk-swiftTests/Info.plist</string>
				<key>LD_RUNPATH_SEARCH_PATHS</key>
				<string>$(inherited) @executable_path/Frameworks @loader_path/Frameworks</string>
				<key>METAL_ENABLE_DEBUG_INFO</key>
				<string>YES</string>
				<key>PRODUCT_NAME</key>
				<string>AeroGearPushTests</string>
			</dict>
			<key>isa</key>
			<string>XCBuildConfiguration</string>
			<key>name</key>
			<string>Debug</string>
		</dict>
		<key>6F71354C19646266009B26D8</key>
		<dict>
			<key>baseConfigurationReference</key>
			<string>0B6769DCED2430AF77B19BDF</string>
			<key>buildSettings</key>
			<dict>
				<key>FRAMEWORK_SEARCH_PATHS</key>
				<array>
					<string>$(SDKROOT)/Developer/Library/Frameworks</string>
					<string>$(inherited)</string>
				</array>
				<key>INFOPLIST_FILE</key>
				<string>push-sdk-swiftTests/Info.plist</string>
				<key>LD_RUNPATH_SEARCH_PATHS</key>
				<string>$(inherited) @executable_path/Frameworks @loader_path/Frameworks</string>
				<key>METAL_ENABLE_DEBUG_INFO</key>
				<string>NO</string>
				<key>PRODUCT_NAME</key>
				<string>AeroGearPushTests</string>
			</dict>
			<key>isa</key>
			<string>XCBuildConfiguration</string>
			<key>name</key>
			<string>Release</string>
		</dict>
		<key>6FC98785196603F100816D86</key>
		<dict>
			<key>containerPortal</key>
			<string>6F71352819646266009B26D8</string>
			<key>isa</key>
			<string>PBXContainerItemProxy</string>
			<key>proxyType</key>
			<string>1</string>
			<key>remoteGlobalIDString</key>
			<string>6F71353019646266009B26D8</string>
			<key>remoteInfo</key>
			<string>push-sdk-swift</string>
		</dict>
		<key>6FC98786196603F100816D86</key>
		<dict>
			<key>isa</key>
			<string>PBXTargetDependency</string>
			<key>target</key>
			<string>6F71353019646266009B26D8</string>
			<key>targetProxy</key>
			<string>6FC98785196603F100816D86</string>
		</dict>
		<key>6FC98787196603F100816D86</key>
		<dict>
			<key>containerPortal</key>
			<string>6F71352819646266009B26D8</string>
			<key>isa</key>
			<string>PBXContainerItemProxy</string>
			<key>proxyType</key>
			<string>1</string>
			<key>remoteGlobalIDString</key>
			<string>6F71353019646266009B26D8</string>
			<key>remoteInfo</key>
			<string>push-sdk-swift</string>
		</dict>
		<key>6FC98788196603F100816D86</key>
		<dict>
			<key>isa</key>
			<string>PBXTargetDependency</string>
			<key>target</key>
			<string>6F71353019646266009B26D8</string>
			<key>targetProxy</key>
			<string>6FC98787196603F100816D86</string>
		</dict>
		<key>73078050E125052EAD683311</key>
		<dict>
			<key>fileRef</key>
			<string>2417E0E33471ADB4B4F1AD21</string>
			<key>isa</key>
			<string>PBXBuildFile</string>
			<key>settings</key>
			<dict>
				<key>ATTRIBUTES</key>
				<array>
					<string>Weak</string>
				</array>
			</dict>
		</dict>
	</dict>
	<key>rootObject</key>
	<string>6F71352819646266009B26D8</string>
</dict>
</plist>
>>>>>>> 6f288b4... update xcode proj. settings
