// !$*UTF8*$!
{
	archiveVersion = 1;
	classes = {
	};
	objectVersion = 46;
	objects = {

/* Begin PBXBuildFile section */
		48289BE91B2EEDF2004AF471 /* pushsdk.framework in Frameworks */ = {isa = PBXBuildFile; fileRef = 48289BDE1B2EEDF2004AF471 /* pushsdk.framework */; };
		48289BFF1B2EEE5D004AF471 /* AeroGearPush.h in Headers */ = {isa = PBXBuildFile; fileRef = 48289BF71B2EEE5D004AF471 /* AeroGearPush.h */; };
		48289C001B2EEE5D004AF471 /* AGClientDeviceInformation.h in Headers */ = {isa = PBXBuildFile; fileRef = 48289BF81B2EEE5D004AF471 /* AGClientDeviceInformation.h */; };
		48289C011B2EEE5D004AF471 /* AGClientDeviceInformationImpl.h in Headers */ = {isa = PBXBuildFile; fileRef = 48289BF91B2EEE5D004AF471 /* AGClientDeviceInformationImpl.h */; };
		48289C021B2EEE5D004AF471 /* AGClientDeviceInformationImpl.m in Sources */ = {isa = PBXBuildFile; fileRef = 48289BFA1B2EEE5D004AF471 /* AGClientDeviceInformationImpl.m */; };
		48289C031B2EEE5D004AF471 /* AGDeviceRegistration.h in Headers */ = {isa = PBXBuildFile; fileRef = 48289BFB1B2EEE5D004AF471 /* AGDeviceRegistration.h */; };
		48289C041B2EEE5D004AF471 /* AGDeviceRegistration.m in Sources */ = {isa = PBXBuildFile; fileRef = 48289BFC1B2EEE5D004AF471 /* AGDeviceRegistration.m */; };
		48289C051B2EEE5D004AF471 /* AGPushAnalytics.h in Headers */ = {isa = PBXBuildFile; fileRef = 48289BFD1B2EEE5D004AF471 /* AGPushAnalytics.h */; };
		48289C061B2EEE5D004AF471 /* AGPushAnalytics.m in Sources */ = {isa = PBXBuildFile; fileRef = 48289BFE1B2EEE5D004AF471 /* AGPushAnalytics.m */; };
		48289C081B2EEE78004AF471 /* AGDeviceRegistrationSpec.m in Sources */ = {isa = PBXBuildFile; fileRef = 48289C071B2EEE78004AF471 /* AGDeviceRegistrationSpec.m */; };
		48289C0D1B2EF25C004AF471 /* AGPushAnalyticsSpec.m in Sources */ = {isa = PBXBuildFile; fileRef = 48289C0C1B2EF25C004AF471 /* AGPushAnalyticsSpec.m */; };
		48289C611B2F0859004AF471 /* AGClientDeviceInformationImpl.m in Sources */ = {isa = PBXBuildFile; fileRef = 48289BFA1B2EEE5D004AF471 /* AGClientDeviceInformationImpl.m */; };
		48289C621B2F0859004AF471 /* AGDeviceRegistration.m in Sources */ = {isa = PBXBuildFile; fileRef = 48289BFC1B2EEE5D004AF471 /* AGDeviceRegistration.m */; };
		48289C631B2F0859004AF471 /* AGPushAnalytics.m in Sources */ = {isa = PBXBuildFile; fileRef = 48289BFE1B2EEE5D004AF471 /* AGPushAnalytics.m */; };
		48AAA6E61C44FCFD0048C53A /* pushproperties.plist in Resources */ = {isa = PBXBuildFile; fileRef = 48AAA6E51C44FCFD0048C53A /* pushproperties.plist */; };
		5C18F90CC0E512A66E4B5789 /* libPods-pushsdkTests.a in Frameworks */ = {isa = PBXBuildFile; fileRef = 30277CD3D67E463A98C74ED2 /* libPods-pushsdkTests.a */; };
/* End PBXBuildFile section */

/* Begin PBXContainerItemProxy section */
		48289BEA1B2EEDF2004AF471 /* PBXContainerItemProxy */ = {
			isa = PBXContainerItemProxy;
			containerPortal = A010C2D91737A58100CFA575 /* Project object */;
			proxyType = 1;
			remoteGlobalIDString = 48289BDD1B2EEDF2004AF471;
			remoteInfo = "push-sdk";
		};
/* End PBXContainerItemProxy section */

/* Begin PBXCopyFilesBuildPhase section */
		48289C481B2F082A004AF471 /* CopyFiles */ = {
			isa = PBXCopyFilesBuildPhase;
			buildActionMask = 2147483647;
			dstPath = "include/$(PRODUCT_NAME)";
			dstSubfolderSpec = 16;
			files = (
			);
			runOnlyForDeploymentPostprocessing = 0;
		};
/* End PBXCopyFilesBuildPhase section */

/* Begin PBXFileReference section */
		30277CD3D67E463A98C74ED2 /* libPods-pushsdkTests.a */ = {isa = PBXFileReference; explicitFileType = archive.ar; includeInIndex = 0; path = "libPods-pushsdkTests.a"; sourceTree = BUILT_PRODUCTS_DIR; };
		3BFACB4DBB32DE6AB10BCA68 /* Pods-push-sdkTests.release.xcconfig */ = {isa = PBXFileReference; includeInIndex = 1; lastKnownFileType = text.xcconfig; name = "Pods-push-sdkTests.release.xcconfig"; path = "Pods/Target Support Files/Pods-push-sdkTests/Pods-push-sdkTests.release.xcconfig"; sourceTree = "<group>"; };
		48289BDE1B2EEDF2004AF471 /* pushsdk.framework */ = {isa = PBXFileReference; explicitFileType = wrapper.framework; includeInIndex = 0; path = pushsdk.framework; sourceTree = BUILT_PRODUCTS_DIR; };
		48289BE11B2EEDF2004AF471 /* Info.plist */ = {isa = PBXFileReference; lastKnownFileType = text.plist.xml; path = Info.plist; sourceTree = "<group>"; };
		48289BE81B2EEDF2004AF471 /* pushsdkTests.xctest */ = {isa = PBXFileReference; explicitFileType = wrapper.cfbundle; includeInIndex = 0; path = pushsdkTests.xctest; sourceTree = BUILT_PRODUCTS_DIR; };
		48289BEE1B2EEDF2004AF471 /* Info.plist */ = {isa = PBXFileReference; lastKnownFileType = text.plist.xml; path = Info.plist; sourceTree = "<group>"; };
		48289BF71B2EEE5D004AF471 /* AeroGearPush.h */ = {isa = PBXFileReference; fileEncoding = 4; lastKnownFileType = sourcecode.c.h; path = AeroGearPush.h; sourceTree = "<group>"; };
		48289BF81B2EEE5D004AF471 /* AGClientDeviceInformation.h */ = {isa = PBXFileReference; fileEncoding = 4; lastKnownFileType = sourcecode.c.h; path = AGClientDeviceInformation.h; sourceTree = "<group>"; };
		48289BF91B2EEE5D004AF471 /* AGClientDeviceInformationImpl.h */ = {isa = PBXFileReference; fileEncoding = 4; lastKnownFileType = sourcecode.c.h; path = AGClientDeviceInformationImpl.h; sourceTree = "<group>"; };
		48289BFA1B2EEE5D004AF471 /* AGClientDeviceInformationImpl.m */ = {isa = PBXFileReference; fileEncoding = 4; lastKnownFileType = sourcecode.c.objc; path = AGClientDeviceInformationImpl.m; sourceTree = "<group>"; };
		48289BFB1B2EEE5D004AF471 /* AGDeviceRegistration.h */ = {isa = PBXFileReference; fileEncoding = 4; lastKnownFileType = sourcecode.c.h; path = AGDeviceRegistration.h; sourceTree = "<group>"; };
		48289BFC1B2EEE5D004AF471 /* AGDeviceRegistration.m */ = {isa = PBXFileReference; fileEncoding = 4; lastKnownFileType = sourcecode.c.objc; path = AGDeviceRegistration.m; sourceTree = "<group>"; };
		48289BFD1B2EEE5D004AF471 /* AGPushAnalytics.h */ = {isa = PBXFileReference; fileEncoding = 4; lastKnownFileType = sourcecode.c.h; path = AGPushAnalytics.h; sourceTree = "<group>"; };
		48289BFE1B2EEE5D004AF471 /* AGPushAnalytics.m */ = {isa = PBXFileReference; fileEncoding = 4; lastKnownFileType = sourcecode.c.objc; path = AGPushAnalytics.m; sourceTree = "<group>"; };
		48289C071B2EEE78004AF471 /* AGDeviceRegistrationSpec.m */ = {isa = PBXFileReference; fileEncoding = 4; lastKnownFileType = sourcecode.c.objc; path = AGDeviceRegistrationSpec.m; sourceTree = "<group>"; };
		48289C0C1B2EF25C004AF471 /* AGPushAnalyticsSpec.m */ = {isa = PBXFileReference; fileEncoding = 4; lastKnownFileType = sourcecode.c.objc; path = AGPushAnalyticsSpec.m; sourceTree = "<group>"; };
		48289C4A1B2F082A004AF471 /* libpush-sdk.a */ = {isa = PBXFileReference; explicitFileType = archive.ar; includeInIndex = 0; path = "libpush-sdk.a"; sourceTree = BUILT_PRODUCTS_DIR; };
		48AAA6E51C44FCFD0048C53A /* pushproperties.plist */ = {isa = PBXFileReference; fileEncoding = 4; lastKnownFileType = text.plist.xml; path = pushproperties.plist; sourceTree = "<group>"; };
		5F8A96B5477848779F501C0A /* libPods.a */ = {isa = PBXFileReference; explicitFileType = archive.ar; includeInIndex = 0; path = libPods.a; sourceTree = BUILT_PRODUCTS_DIR; };
		690976179180479293B024D8 /* libPods-push-sdkTests.a */ = {isa = PBXFileReference; explicitFileType = archive.ar; includeInIndex = 0; path = "libPods-push-sdkTests.a"; sourceTree = BUILT_PRODUCTS_DIR; };
		6F53E2BA1768A935001966D8 /* Security.framework */ = {isa = PBXFileReference; lastKnownFileType = wrapper.framework; name = Security.framework; path = System/Library/Frameworks/Security.framework; sourceTree = SDKROOT; };
		8564B376890B868A05FBA59D /* Pods-push-sdkTests.debug.xcconfig */ = {isa = PBXFileReference; includeInIndex = 1; lastKnownFileType = text.xcconfig; name = "Pods-push-sdkTests.debug.xcconfig"; path = "Pods/Target Support Files/Pods-push-sdkTests/Pods-push-sdkTests.debug.xcconfig"; sourceTree = "<group>"; };
		881341938EC0FF4FED20F1A4 /* Pods-pushsdkTests.debug.xcconfig */ = {isa = PBXFileReference; includeInIndex = 1; lastKnownFileType = text.xcconfig; name = "Pods-pushsdkTests.debug.xcconfig"; path = "Pods/Target Support Files/Pods-pushsdkTests/Pods-pushsdkTests.debug.xcconfig"; sourceTree = "<group>"; };
		99807EBAD8048D94D8FF85A9 /* Pods-pushsdkTests.release.xcconfig */ = {isa = PBXFileReference; includeInIndex = 1; lastKnownFileType = text.xcconfig; name = "Pods-pushsdkTests.release.xcconfig"; path = "Pods/Target Support Files/Pods-pushsdkTests/Pods-pushsdkTests.release.xcconfig"; sourceTree = "<group>"; };
		A010C2E41737A58100CFA575 /* Foundation.framework */ = {isa = PBXFileReference; lastKnownFileType = wrapper.framework; name = Foundation.framework; path = System/Library/Frameworks/Foundation.framework; sourceTree = SDKROOT; };
		A010C2F31737A58100CFA575 /* SenTestingKit.framework */ = {isa = PBXFileReference; lastKnownFileType = wrapper.framework; name = SenTestingKit.framework; path = Library/Frameworks/SenTestingKit.framework; sourceTree = DEVELOPER_DIR; };
		A010C2F51737A58100CFA575 /* UIKit.framework */ = {isa = PBXFileReference; lastKnownFileType = wrapper.framework; name = UIKit.framework; path = Library/Frameworks/UIKit.framework; sourceTree = DEVELOPER_DIR; };
		A010C30C1737A8F300CFA575 /* MobileCoreServices.framework */ = {isa = PBXFileReference; lastKnownFileType = wrapper.framework; name = MobileCoreServices.framework; path = System/Library/Frameworks/MobileCoreServices.framework; sourceTree = SDKROOT; };
		A010C30E1737A95A00CFA575 /* SystemConfiguration.framework */ = {isa = PBXFileReference; lastKnownFileType = wrapper.framework; name = SystemConfiguration.framework; path = System/Library/Frameworks/SystemConfiguration.framework; sourceTree = SDKROOT; };
		A03AC14217817BA300FF13A7 /* CoreGraphics.framework */ = {isa = PBXFileReference; lastKnownFileType = wrapper.framework; name = CoreGraphics.framework; path = System/Library/Frameworks/CoreGraphics.framework; sourceTree = SDKROOT; };
/* End PBXFileReference section */

/* Begin PBXFrameworksBuildPhase section */
		48289BDA1B2EEDF2004AF471 /* Frameworks */ = {
			isa = PBXFrameworksBuildPhase;
			buildActionMask = 2147483647;
			files = (
			);
			runOnlyForDeploymentPostprocessing = 0;
		};
		48289BE51B2EEDF2004AF471 /* Frameworks */ = {
			isa = PBXFrameworksBuildPhase;
			buildActionMask = 2147483647;
			files = (
				48289BE91B2EEDF2004AF471 /* pushsdk.framework in Frameworks */,
				5C18F90CC0E512A66E4B5789 /* libPods-pushsdkTests.a in Frameworks */,
			);
			runOnlyForDeploymentPostprocessing = 0;
		};
		48289C471B2F082A004AF471 /* Frameworks */ = {
			isa = PBXFrameworksBuildPhase;
			buildActionMask = 2147483647;
			files = (
			);
			runOnlyForDeploymentPostprocessing = 0;
		};
/* End PBXFrameworksBuildPhase section */

/* Begin PBXGroup section */
		26EAEE2BE45550C8D8056301 /* Pods */ = {
			isa = PBXGroup;
			children = (
				8564B376890B868A05FBA59D /* Pods-push-sdkTests.debug.xcconfig */,
				3BFACB4DBB32DE6AB10BCA68 /* Pods-push-sdkTests.release.xcconfig */,
				881341938EC0FF4FED20F1A4 /* Pods-pushsdkTests.debug.xcconfig */,
				99807EBAD8048D94D8FF85A9 /* Pods-pushsdkTests.release.xcconfig */,
			);
			name = Pods;
			sourceTree = "<group>";
		};
		48289BDF1B2EEDF2004AF471 /* push-sdk */ = {
			isa = PBXGroup;
			children = (
				48289BF71B2EEE5D004AF471 /* AeroGearPush.h */,
				48289BF81B2EEE5D004AF471 /* AGClientDeviceInformation.h */,
				48289BF91B2EEE5D004AF471 /* AGClientDeviceInformationImpl.h */,
				48289BFA1B2EEE5D004AF471 /* AGClientDeviceInformationImpl.m */,
				48289BFB1B2EEE5D004AF471 /* AGDeviceRegistration.h */,
				48289BFC1B2EEE5D004AF471 /* AGDeviceRegistration.m */,
				48289BFD1B2EEE5D004AF471 /* AGPushAnalytics.h */,
				48289BFE1B2EEE5D004AF471 /* AGPushAnalytics.m */,
				48289BE01B2EEDF2004AF471 /* Supporting Files */,
			);
			path = "push-sdk";
			sourceTree = "<group>";
		};
		48289BE01B2EEDF2004AF471 /* Supporting Files */ = {
			isa = PBXGroup;
			children = (
				48289BE11B2EEDF2004AF471 /* Info.plist */,
			);
			name = "Supporting Files";
			sourceTree = "<group>";
		};
		48289BEC1B2EEDF2004AF471 /* push-sdkTests */ = {
			isa = PBXGroup;
			children = (
				48289C071B2EEE78004AF471 /* AGDeviceRegistrationSpec.m */,
				48289C0C1B2EF25C004AF471 /* AGPushAnalyticsSpec.m */,
				48289BED1B2EEDF2004AF471 /* Supporting Files */,
			);
			path = "push-sdkTests";
			sourceTree = "<group>";
		};
		48289BED1B2EEDF2004AF471 /* Supporting Files */ = {
			isa = PBXGroup;
			children = (
				48289BEE1B2EEDF2004AF471 /* Info.plist */,
				48AAA6E51C44FCFD0048C53A /* pushproperties.plist */,
			);
			name = "Supporting Files";
			sourceTree = "<group>";
		};
		A010C2D81737A58100CFA575 = {
			isa = PBXGroup;
			children = (
				48289BDF1B2EEDF2004AF471 /* push-sdk */,
				48289BEC1B2EEDF2004AF471 /* push-sdkTests */,
				A010C2E31737A58100CFA575 /* Frameworks */,
				A010C2E21737A58100CFA575 /* Products */,
				26EAEE2BE45550C8D8056301 /* Pods */,
			);
			sourceTree = "<group>";
		};
		A010C2E21737A58100CFA575 /* Products */ = {
			isa = PBXGroup;
			children = (
				48289BDE1B2EEDF2004AF471 /* pushsdk.framework */,
				48289BE81B2EEDF2004AF471 /* pushsdkTests.xctest */,
				48289C4A1B2F082A004AF471 /* libpush-sdk.a */,
			);
			name = Products;
			sourceTree = "<group>";
		};
		A010C2E31737A58100CFA575 /* Frameworks */ = {
			isa = PBXGroup;
			children = (
				A03AC14217817BA300FF13A7 /* CoreGraphics.framework */,
				6F53E2BA1768A935001966D8 /* Security.framework */,
				A010C30E1737A95A00CFA575 /* SystemConfiguration.framework */,
				A010C30C1737A8F300CFA575 /* MobileCoreServices.framework */,
				A010C2E41737A58100CFA575 /* Foundation.framework */,
				A010C2F31737A58100CFA575 /* SenTestingKit.framework */,
				A010C2F51737A58100CFA575 /* UIKit.framework */,
				5F8A96B5477848779F501C0A /* libPods.a */,
				690976179180479293B024D8 /* libPods-push-sdkTests.a */,
				30277CD3D67E463A98C74ED2 /* libPods-pushsdkTests.a */,
			);
			name = Frameworks;
			sourceTree = "<group>";
		};
/* End PBXGroup section */

/* Begin PBXHeadersBuildPhase section */
		48289BDB1B2EEDF2004AF471 /* Headers */ = {
			isa = PBXHeadersBuildPhase;
			buildActionMask = 2147483647;
			files = (
				48289C011B2EEE5D004AF471 /* AGClientDeviceInformationImpl.h in Headers */,
				48289BFF1B2EEE5D004AF471 /* AeroGearPush.h in Headers */,
				48289C031B2EEE5D004AF471 /* AGDeviceRegistration.h in Headers */,
				48289C051B2EEE5D004AF471 /* AGPushAnalytics.h in Headers */,
				48289C001B2EEE5D004AF471 /* AGClientDeviceInformation.h in Headers */,
			);
			runOnlyForDeploymentPostprocessing = 0;
		};
/* End PBXHeadersBuildPhase section */

/* Begin PBXNativeTarget section */
		48289BDD1B2EEDF2004AF471 /* pushsdk */ = {
			isa = PBXNativeTarget;
			buildConfigurationList = 48289BF11B2EEDF2004AF471 /* Build configuration list for PBXNativeTarget "pushsdk" */;
			buildPhases = (
				48289BD91B2EEDF2004AF471 /* Sources */,
				48289BDA1B2EEDF2004AF471 /* Frameworks */,
				48289BDB1B2EEDF2004AF471 /* Headers */,
				48289BDC1B2EEDF2004AF471 /* Resources */,
			);
			buildRules = (
			);
			dependencies = (
			);
			name = pushsdk;
			productName = "push-sdk";
			productReference = 48289BDE1B2EEDF2004AF471 /* pushsdk.framework */;
			productType = "com.apple.product-type.framework";
		};
		48289BE71B2EEDF2004AF471 /* pushsdkTests */ = {
			isa = PBXNativeTarget;
			buildConfigurationList = 48289BF41B2EEDF2004AF471 /* Build configuration list for PBXNativeTarget "pushsdkTests" */;
			buildPhases = (
				B7633F66FC8250F770B9B313 /* [CP] Check Pods Manifest.lock */,
				48289BE41B2EEDF2004AF471 /* Sources */,
				48289BE51B2EEDF2004AF471 /* Frameworks */,
				48289BE61B2EEDF2004AF471 /* Resources */,
				14A5211A3A2661B5D6FC2392 /* [CP] Copy Pods Resources */,
				5F31A2BA7E9748675B67241D /* [CP] Embed Pods Frameworks */,
			);
			buildRules = (
			);
			dependencies = (
				48289BEB1B2EEDF2004AF471 /* PBXTargetDependency */,
			);
			name = pushsdkTests;
			productName = "push-sdkTests";
			productReference = 48289BE81B2EEDF2004AF471 /* pushsdkTests.xctest */;
			productType = "com.apple.product-type.bundle.unit-test";
		};
		48289C491B2F082A004AF471 /* push-sdk */ = {
			isa = PBXNativeTarget;
			buildConfigurationList = 48289C5F1B2F082A004AF471 /* Build configuration list for PBXNativeTarget "push-sdk" */;
			buildPhases = (
				48289C461B2F082A004AF471 /* Sources */,
				48289C471B2F082A004AF471 /* Frameworks */,
				48289C481B2F082A004AF471 /* CopyFiles */,
			);
			buildRules = (
			);
			dependencies = (
			);
			name = "push-sdk";
			productName = "push-sdk";
			productReference = 48289C4A1B2F082A004AF471 /* libpush-sdk.a */;
			productType = "com.apple.product-type.library.static";
		};
/* End PBXNativeTarget section */

/* Begin PBXProject section */
		A010C2D91737A58100CFA575 /* Project object */ = {
			isa = PBXProject;
			attributes = {
				LastUpgradeCheck = 0700;
				ORGANIZATIONNAME = "Red Hat";
				TargetAttributes = {
					48289BDD1B2EEDF2004AF471 = {
						CreatedOnToolsVersion = 6.3.2;
					};
					48289BE71B2EEDF2004AF471 = {
						CreatedOnToolsVersion = 6.3.2;
					};
					48289C491B2F082A004AF471 = {
						CreatedOnToolsVersion = 6.3.2;
					};
				};
			};
			buildConfigurationList = A010C2DC1737A58100CFA575 /* Build configuration list for PBXProject "push-sdk" */;
			compatibilityVersion = "Xcode 3.2";
			developmentRegion = English;
			hasScannedForEncodings = 0;
			knownRegions = (
				en,
			);
			mainGroup = A010C2D81737A58100CFA575;
			productRefGroup = A010C2E21737A58100CFA575 /* Products */;
			projectDirPath = "";
			projectRoot = "";
			targets = (
				48289BDD1B2EEDF2004AF471 /* pushsdk */,
				48289BE71B2EEDF2004AF471 /* pushsdkTests */,
				48289C491B2F082A004AF471 /* push-sdk */,
			);
		};
/* End PBXProject section */

/* Begin PBXResourcesBuildPhase section */
		48289BDC1B2EEDF2004AF471 /* Resources */ = {
			isa = PBXResourcesBuildPhase;
			buildActionMask = 2147483647;
			files = (
				48AAA6E61C44FCFD0048C53A /* pushproperties.plist in Resources */,
			);
			runOnlyForDeploymentPostprocessing = 0;
		};
		48289BE61B2EEDF2004AF471 /* Resources */ = {
			isa = PBXResourcesBuildPhase;
			buildActionMask = 2147483647;
			files = (
			);
			runOnlyForDeploymentPostprocessing = 0;
		};
/* End PBXResourcesBuildPhase section */

/* Begin PBXShellScriptBuildPhase section */
		14A5211A3A2661B5D6FC2392 /* [CP] Copy Pods Resources */ = {
			isa = PBXShellScriptBuildPhase;
			buildActionMask = 2147483647;
			files = (
			);
			inputPaths = (
			);
			name = "[CP] Copy Pods Resources";
			outputPaths = (
			);
			runOnlyForDeploymentPostprocessing = 0;
			shellPath = /bin/sh;
			shellScript = "\"${SRCROOT}/Pods/Target Support Files/Pods-pushsdkTests/Pods-pushsdkTests-resources.sh\"\n";
			showEnvVarsInLog = 0;
		};
		5F31A2BA7E9748675B67241D /* [CP] Embed Pods Frameworks */ = {
			isa = PBXShellScriptBuildPhase;
			buildActionMask = 2147483647;
			files = (
			);
			inputPaths = (
			);
			name = "[CP] Embed Pods Frameworks";
			outputPaths = (
			);
			runOnlyForDeploymentPostprocessing = 0;
			shellPath = /bin/sh;
			shellScript = "\"${SRCROOT}/Pods/Target Support Files/Pods-pushsdkTests/Pods-pushsdkTests-frameworks.sh\"\n";
			showEnvVarsInLog = 0;
		};
		B7633F66FC8250F770B9B313 /* [CP] Check Pods Manifest.lock */ = {
			isa = PBXShellScriptBuildPhase;
			buildActionMask = 2147483647;
			files = (
			);
			inputPaths = (
			);
			name = "[CP] Check Pods Manifest.lock";
			outputPaths = (
			);
			runOnlyForDeploymentPostprocessing = 0;
			shellPath = /bin/sh;
			shellScript = "diff \"${PODS_ROOT}/../Podfile.lock\" \"${PODS_ROOT}/Manifest.lock\" > /dev/null\nif [[ $? != 0 ]] ; then\n    cat << EOM\nerror: The sandbox is not in sync with the Podfile.lock. Run 'pod install' or update your CocoaPods installation.\nEOM\n    exit 1\nfi\n";
			showEnvVarsInLog = 0;
		};
/* End PBXShellScriptBuildPhase section */

/* Begin PBXSourcesBuildPhase section */
		48289BD91B2EEDF2004AF471 /* Sources */ = {
			isa = PBXSourcesBuildPhase;
			buildActionMask = 2147483647;
			files = (
				48289C061B2EEE5D004AF471 /* AGPushAnalytics.m in Sources */,
				48289C041B2EEE5D004AF471 /* AGDeviceRegistration.m in Sources */,
				48289C021B2EEE5D004AF471 /* AGClientDeviceInformationImpl.m in Sources */,
			);
			runOnlyForDeploymentPostprocessing = 0;
		};
		48289BE41B2EEDF2004AF471 /* Sources */ = {
			isa = PBXSourcesBuildPhase;
			buildActionMask = 2147483647;
			files = (
				48289C081B2EEE78004AF471 /* AGDeviceRegistrationSpec.m in Sources */,
				48289C0D1B2EF25C004AF471 /* AGPushAnalyticsSpec.m in Sources */,
			);
			runOnlyForDeploymentPostprocessing = 0;
		};
		48289C461B2F082A004AF471 /* Sources */ = {
			isa = PBXSourcesBuildPhase;
			buildActionMask = 2147483647;
			files = (
				48289C611B2F0859004AF471 /* AGClientDeviceInformationImpl.m in Sources */,
				48289C621B2F0859004AF471 /* AGDeviceRegistration.m in Sources */,
				48289C631B2F0859004AF471 /* AGPushAnalytics.m in Sources */,
			);
			runOnlyForDeploymentPostprocessing = 0;
		};
/* End PBXSourcesBuildPhase section */

/* Begin PBXTargetDependency section */
		48289BEB1B2EEDF2004AF471 /* PBXTargetDependency */ = {
			isa = PBXTargetDependency;
			target = 48289BDD1B2EEDF2004AF471 /* pushsdk */;
			targetProxy = 48289BEA1B2EEDF2004AF471 /* PBXContainerItemProxy */;
		};
/* End PBXTargetDependency section */

/* Begin XCBuildConfiguration section */
		48289BF21B2EEDF2004AF471 /* Debug */ = {
			isa = XCBuildConfiguration;
			buildSettings = {
				CLANG_ENABLE_MODULES = YES;
				CLANG_WARN_BOOL_CONVERSION = YES;
				CLANG_WARN_DIRECT_OBJC_ISA_USAGE = YES_ERROR;
				CLANG_WARN_OBJC_ROOT_CLASS = YES_ERROR;
				CLANG_WARN_UNREACHABLE_CODE = YES;
				"CODE_SIGN_IDENTITY[sdk=iphoneos*]" = "iPhone Developer";
				CURRENT_PROJECT_VERSION = 1;
				DEBUG_INFORMATION_FORMAT = "dwarf-with-dsym";
				DEFINES_MODULE = YES;
				DYLIB_COMPATIBILITY_VERSION = 1;
				DYLIB_CURRENT_VERSION = 1;
				DYLIB_INSTALL_NAME_BASE = "@rpath";
				ENABLE_STRICT_OBJC_MSGSEND = YES;
				GCC_NO_COMMON_BLOCKS = YES;
				GCC_PREPROCESSOR_DEFINITIONS = (
					"DEBUG=1",
					"$(inherited)",
				);
				GCC_WARN_64_TO_32_BIT_CONVERSION = YES;
				GCC_WARN_ABOUT_RETURN_TYPE = YES_ERROR;
				GCC_WARN_UNDECLARED_SELECTOR = YES;
				GCC_WARN_UNINITIALIZED_AUTOS = YES_AGGRESSIVE;
				GCC_WARN_UNUSED_FUNCTION = YES;
				INFOPLIST_FILE = "push-sdk/Info.plist";
				INSTALL_PATH = "$(LOCAL_LIBRARY_DIR)/Frameworks";
				IPHONEOS_DEPLOYMENT_TARGET = 8.3;
				LD_RUNPATH_SEARCH_PATHS = "$(inherited) @executable_path/Frameworks @loader_path/Frameworks";
				MTL_ENABLE_DEBUG_INFO = YES;
				PRODUCT_BUNDLE_IDENTIFIER = "org.aerogear.$(PRODUCT_NAME:rfc1034identifier)";
				PRODUCT_NAME = "$(TARGET_NAME)";
				SKIP_INSTALL = YES;
				TARGETED_DEVICE_FAMILY = "1,2";
				VERSIONING_SYSTEM = "apple-generic";
				VERSION_INFO_PREFIX = "";
			};
			name = Debug;
		};
		48289BF31B2EEDF2004AF471 /* Release */ = {
			isa = XCBuildConfiguration;
			buildSettings = {
				CLANG_ENABLE_MODULES = YES;
				CLANG_WARN_BOOL_CONVERSION = YES;
				CLANG_WARN_DIRECT_OBJC_ISA_USAGE = YES_ERROR;
				CLANG_WARN_OBJC_ROOT_CLASS = YES_ERROR;
				CLANG_WARN_UNREACHABLE_CODE = YES;
				"CODE_SIGN_IDENTITY[sdk=iphoneos*]" = "iPhone Developer";
				COPY_PHASE_STRIP = NO;
				CURRENT_PROJECT_VERSION = 1;
				DEBUG_INFORMATION_FORMAT = "dwarf-with-dsym";
				DEFINES_MODULE = YES;
				DYLIB_COMPATIBILITY_VERSION = 1;
				DYLIB_CURRENT_VERSION = 1;
				DYLIB_INSTALL_NAME_BASE = "@rpath";
				ENABLE_NS_ASSERTIONS = NO;
				ENABLE_STRICT_OBJC_MSGSEND = YES;
				GCC_NO_COMMON_BLOCKS = YES;
				GCC_WARN_64_TO_32_BIT_CONVERSION = YES;
				GCC_WARN_ABOUT_RETURN_TYPE = YES_ERROR;
				GCC_WARN_UNDECLARED_SELECTOR = YES;
				GCC_WARN_UNINITIALIZED_AUTOS = YES_AGGRESSIVE;
				GCC_WARN_UNUSED_FUNCTION = YES;
				INFOPLIST_FILE = "push-sdk/Info.plist";
				INSTALL_PATH = "$(LOCAL_LIBRARY_DIR)/Frameworks";
				IPHONEOS_DEPLOYMENT_TARGET = 8.3;
				LD_RUNPATH_SEARCH_PATHS = "$(inherited) @executable_path/Frameworks @loader_path/Frameworks";
				MTL_ENABLE_DEBUG_INFO = NO;
				PRODUCT_BUNDLE_IDENTIFIER = "org.aerogear.$(PRODUCT_NAME:rfc1034identifier)";
				PRODUCT_NAME = "$(TARGET_NAME)";
				SKIP_INSTALL = YES;
				TARGETED_DEVICE_FAMILY = "1,2";
				VERSIONING_SYSTEM = "apple-generic";
				VERSION_INFO_PREFIX = "";
			};
			name = Release;
		};
		48289BF51B2EEDF2004AF471 /* Debug */ = {
			isa = XCBuildConfiguration;
			baseConfigurationReference = 881341938EC0FF4FED20F1A4 /* Pods-pushsdkTests.debug.xcconfig */;
			buildSettings = {
				CLANG_ENABLE_MODULES = YES;
				CLANG_WARN_BOOL_CONVERSION = YES;
				CLANG_WARN_DIRECT_OBJC_ISA_USAGE = YES_ERROR;
				CLANG_WARN_OBJC_ROOT_CLASS = YES_ERROR;
				CLANG_WARN_UNREACHABLE_CODE = YES;
				"CODE_SIGN_IDENTITY[sdk=iphoneos*]" = "iPhone Developer";
				DEBUG_INFORMATION_FORMAT = "dwarf-with-dsym";
				ENABLE_BITCODE = YES;
				ENABLE_STRICT_OBJC_MSGSEND = YES;
				FRAMEWORK_SEARCH_PATHS = (
					"$(SDKROOT)/Developer/Library/Frameworks",
					"$(inherited)",
				);
				GCC_NO_COMMON_BLOCKS = YES;
				GCC_PREPROCESSOR_DEFINITIONS = (
					"DEBUG=1",
					"$(inherited)",
				);
				GCC_WARN_64_TO_32_BIT_CONVERSION = YES;
				GCC_WARN_ABOUT_RETURN_TYPE = YES_ERROR;
				GCC_WARN_UNDECLARED_SELECTOR = YES;
				GCC_WARN_UNINITIALIZED_AUTOS = YES_AGGRESSIVE;
				GCC_WARN_UNUSED_FUNCTION = YES;
				INFOPLIST_FILE = "push-sdkTests/Info.plist";
				IPHONEOS_DEPLOYMENT_TARGET = 8.3;
				LD_RUNPATH_SEARCH_PATHS = "$(inherited) @executable_path/Frameworks @loader_path/Frameworks";
				MTL_ENABLE_DEBUG_INFO = YES;
				PRODUCT_BUNDLE_IDENTIFIER = "org.aerogear.$(PRODUCT_NAME:rfc1034identifier)";
				PRODUCT_NAME = "$(TARGET_NAME)";
			};
			name = Debug;
		};
		48289BF61B2EEDF2004AF471 /* Release */ = {
			isa = XCBuildConfiguration;
			baseConfigurationReference = 99807EBAD8048D94D8FF85A9 /* Pods-pushsdkTests.release.xcconfig */;
			buildSettings = {
				CLANG_ENABLE_MODULES = YES;
				CLANG_WARN_BOOL_CONVERSION = YES;
				CLANG_WARN_DIRECT_OBJC_ISA_USAGE = YES_ERROR;
				CLANG_WARN_OBJC_ROOT_CLASS = YES_ERROR;
				CLANG_WARN_UNREACHABLE_CODE = YES;
				"CODE_SIGN_IDENTITY[sdk=iphoneos*]" = "iPhone Developer";
				COPY_PHASE_STRIP = NO;
				DEBUG_INFORMATION_FORMAT = "dwarf-with-dsym";
				ENABLE_BITCODE = YES;
				ENABLE_NS_ASSERTIONS = NO;
				ENABLE_STRICT_OBJC_MSGSEND = YES;
				FRAMEWORK_SEARCH_PATHS = (
					"$(SDKROOT)/Developer/Library/Frameworks",
					"$(inherited)",
				);
				GCC_NO_COMMON_BLOCKS = YES;
				GCC_WARN_64_TO_32_BIT_CONVERSION = YES;
				GCC_WARN_ABOUT_RETURN_TYPE = YES_ERROR;
				GCC_WARN_UNDECLARED_SELECTOR = YES;
				GCC_WARN_UNINITIALIZED_AUTOS = YES_AGGRESSIVE;
				GCC_WARN_UNUSED_FUNCTION = YES;
				INFOPLIST_FILE = "push-sdkTests/Info.plist";
				IPHONEOS_DEPLOYMENT_TARGET = 8.3;
				LD_RUNPATH_SEARCH_PATHS = "$(inherited) @executable_path/Frameworks @loader_path/Frameworks";
				MTL_ENABLE_DEBUG_INFO = NO;
				PRODUCT_BUNDLE_IDENTIFIER = "org.aerogear.$(PRODUCT_NAME:rfc1034identifier)";
				PRODUCT_NAME = "$(TARGET_NAME)";
			};
			name = Release;
		};
		48289C5B1B2F082A004AF471 /* Debug */ = {
			isa = XCBuildConfiguration;
			buildSettings = {
				CLANG_ENABLE_MODULES = YES;
				CLANG_WARN_BOOL_CONVERSION = YES;
				CLANG_WARN_DIRECT_OBJC_ISA_USAGE = YES_ERROR;
				CLANG_WARN_OBJC_ROOT_CLASS = YES_ERROR;
				CLANG_WARN_UNREACHABLE_CODE = YES;
				DEBUG_INFORMATION_FORMAT = "dwarf-with-dsym";
				ENABLE_STRICT_OBJC_MSGSEND = YES;
				GCC_NO_COMMON_BLOCKS = YES;
				GCC_PREPROCESSOR_DEFINITIONS = (
					"DEBUG=1",
					"$(inherited)",
				);
				GCC_WARN_64_TO_32_BIT_CONVERSION = YES;
				GCC_WARN_ABOUT_RETURN_TYPE = YES_ERROR;
				GCC_WARN_UNDECLARED_SELECTOR = YES;
				GCC_WARN_UNINITIALIZED_AUTOS = YES_AGGRESSIVE;
				GCC_WARN_UNUSED_FUNCTION = YES;
				IPHONEOS_DEPLOYMENT_TARGET = 8.3;
				MTL_ENABLE_DEBUG_INFO = YES;
				OTHER_LDFLAGS = "-ObjC";
				PRODUCT_NAME = "$(TARGET_NAME)";
				SKIP_INSTALL = YES;
			};
			name = Debug;
		};
		48289C5C1B2F082A004AF471 /* Release */ = {
			isa = XCBuildConfiguration;
			buildSettings = {
				CLANG_ENABLE_MODULES = YES;
				CLANG_WARN_BOOL_CONVERSION = YES;
				CLANG_WARN_DIRECT_OBJC_ISA_USAGE = YES_ERROR;
				CLANG_WARN_OBJC_ROOT_CLASS = YES_ERROR;
				CLANG_WARN_UNREACHABLE_CODE = YES;
				COPY_PHASE_STRIP = NO;
				DEBUG_INFORMATION_FORMAT = "dwarf-with-dsym";
				ENABLE_NS_ASSERTIONS = NO;
				ENABLE_STRICT_OBJC_MSGSEND = YES;
				GCC_NO_COMMON_BLOCKS = YES;
				GCC_WARN_64_TO_32_BIT_CONVERSION = YES;
				GCC_WARN_ABOUT_RETURN_TYPE = YES_ERROR;
				GCC_WARN_UNDECLARED_SELECTOR = YES;
				GCC_WARN_UNINITIALIZED_AUTOS = YES_AGGRESSIVE;
				GCC_WARN_UNUSED_FUNCTION = YES;
				IPHONEOS_DEPLOYMENT_TARGET = 8.3;
				MTL_ENABLE_DEBUG_INFO = NO;
				OTHER_LDFLAGS = "-ObjC";
				PRODUCT_NAME = "$(TARGET_NAME)";
				SKIP_INSTALL = YES;
			};
			name = Release;
		};
		A010C3041737A58100CFA575 /* Debug */ = {
			isa = XCBuildConfiguration;
			buildSettings = {
				ALWAYS_SEARCH_USER_PATHS = NO;
				CLANG_CXX_LANGUAGE_STANDARD = "gnu++0x";
				CLANG_CXX_LIBRARY = "libc++";
				CLANG_ENABLE_OBJC_ARC = YES;
				CLANG_WARN_CONSTANT_CONVERSION = YES;
				CLANG_WARN_EMPTY_BODY = YES;
				CLANG_WARN_ENUM_CONVERSION = YES;
				CLANG_WARN_INT_CONVERSION = YES;
				CLANG_WARN__DUPLICATE_METHOD_MATCH = YES;
				COPY_PHASE_STRIP = NO;
				ENABLE_TESTABILITY = YES;
				GCC_C_LANGUAGE_STANDARD = gnu99;
				GCC_DYNAMIC_NO_PIC = NO;
				GCC_OPTIMIZATION_LEVEL = 0;
				GCC_PREPROCESSOR_DEFINITIONS = (
					"DEBUG=1",
					"$(inherited)",
				);
				GCC_SYMBOLS_PRIVATE_EXTERN = NO;
				GCC_WARN_ABOUT_RETURN_TYPE = YES;
				GCC_WARN_UNINITIALIZED_AUTOS = YES;
				GCC_WARN_UNUSED_VARIABLE = YES;
				IPHONEOS_DEPLOYMENT_TARGET = 7.0;
				ONLY_ACTIVE_ARCH = YES;
				SDKROOT = iphoneos;
			};
			name = Debug;
		};
		A010C3051737A58100CFA575 /* Release */ = {
			isa = XCBuildConfiguration;
			buildSettings = {
				ALWAYS_SEARCH_USER_PATHS = NO;
				CLANG_CXX_LANGUAGE_STANDARD = "gnu++0x";
				CLANG_CXX_LIBRARY = "libc++";
				CLANG_ENABLE_OBJC_ARC = YES;
				CLANG_WARN_CONSTANT_CONVERSION = YES;
				CLANG_WARN_EMPTY_BODY = YES;
				CLANG_WARN_ENUM_CONVERSION = YES;
				CLANG_WARN_INT_CONVERSION = YES;
				CLANG_WARN__DUPLICATE_METHOD_MATCH = YES;
				COPY_PHASE_STRIP = YES;
				GCC_C_LANGUAGE_STANDARD = gnu99;
				GCC_WARN_ABOUT_RETURN_TYPE = YES;
				GCC_WARN_UNINITIALIZED_AUTOS = YES;
				GCC_WARN_UNUSED_VARIABLE = YES;
				IPHONEOS_DEPLOYMENT_TARGET = 7.0;
				SDKROOT = iphoneos;
				VALIDATE_PRODUCT = YES;
			};
			name = Release;
		};
/* End XCBuildConfiguration section */

/* Begin XCConfigurationList section */
		48289BF11B2EEDF2004AF471 /* Build configuration list for PBXNativeTarget "pushsdk" */ = {
			isa = XCConfigurationList;
			buildConfigurations = (
				48289BF21B2EEDF2004AF471 /* Debug */,
				48289BF31B2EEDF2004AF471 /* Release */,
			);
			defaultConfigurationIsVisible = 0;
			defaultConfigurationName = Release;
		};
		48289BF41B2EEDF2004AF471 /* Build configuration list for PBXNativeTarget "pushsdkTests" */ = {
			isa = XCConfigurationList;
			buildConfigurations = (
				48289BF51B2EEDF2004AF471 /* Debug */,
				48289BF61B2EEDF2004AF471 /* Release */,
			);
			defaultConfigurationIsVisible = 0;
			defaultConfigurationName = Release;
		};
		48289C5F1B2F082A004AF471 /* Build configuration list for PBXNativeTarget "push-sdk" */ = {
			isa = XCConfigurationList;
			buildConfigurations = (
				48289C5B1B2F082A004AF471 /* Debug */,
				48289C5C1B2F082A004AF471 /* Release */,
			);
			defaultConfigurationIsVisible = 0;
			defaultConfigurationName = Release;
		};
		A010C2DC1737A58100CFA575 /* Build configuration list for PBXProject "push-sdk" */ = {
			isa = XCConfigurationList;
			buildConfigurations = (
				A010C3041737A58100CFA575 /* Debug */,
				A010C3051737A58100CFA575 /* Release */,
			);
			defaultConfigurationIsVisible = 0;
			defaultConfigurationName = Release;
		};
/* End XCConfigurationList section */
	};
	rootObject = A010C2D91737A58100CFA575 /* Project object */;
}
